// !$*UTF8*$!
{
	archiveVersion = 1;
	classes = {
	};
	objectVersion = 46;
	objects = {

/* Begin PBXBuildFile section */
		DA137249141116B800A1BFCC /* UIKit.framework in Frameworks */ = {isa = PBXBuildFile; fileRef = DA137248141116B800A1BFCC /* UIKit.framework */; };
		DA13724B141116B800A1BFCC /* Foundation.framework in Frameworks */ = {isa = PBXBuildFile; fileRef = DA13724A141116B800A1BFCC /* Foundation.framework */; };
		DA13724D141116B800A1BFCC /* CoreGraphics.framework in Frameworks */ = {isa = PBXBuildFile; fileRef = DA13724C141116B800A1BFCC /* CoreGraphics.framework */; };
		DA137253141116B800A1BFCC /* InfoPlist.strings in Resources */ = {isa = PBXBuildFile; fileRef = DA137251141116B800A1BFCC /* InfoPlist.strings */; };
		DA137255141116B800A1BFCC /* main.m in Sources */ = {isa = PBXBuildFile; fileRef = DA137254141116B800A1BFCC /* main.m */; };
		DA137259141116B800A1BFCC /* SOEStatusAppDelegate.m in Sources */ = {isa = PBXBuildFile; fileRef = DA137258141116B800A1BFCC /* SOEStatusAppDelegate.m */; };
		DA13725C141116B800A1BFCC /* MainWindow.xib in Resources */ = {isa = PBXBuildFile; fileRef = DA13725A141116B800A1BFCC /* MainWindow.xib */; };
		DA13725F141116B800A1BFCC /* RootViewController.m in Sources */ = {isa = PBXBuildFile; fileRef = DA13725E141116B800A1BFCC /* RootViewController.m */; };
		DA137262141116B800A1BFCC /* RootViewController.xib in Resources */ = {isa = PBXBuildFile; fileRef = DA137260141116B800A1BFCC /* RootViewController.xib */; };
		DA13726B141116CB00A1BFCC /* MainWindow-iPad.xib in Resources */ = {isa = PBXBuildFile; fileRef = DA137269141116CB00A1BFCC /* MainWindow-iPad.xib */; };
		DA13729C141117B100A1BFCC /* PRPAlertView.m in Sources */ = {isa = PBXBuildFile; fileRef = DA13727B141117B100A1BFCC /* PRPAlertView.m */; };
		DA13729D141117B100A1BFCC /* PRPConnection.m in Sources */ = {isa = PBXBuildFile; fileRef = DA13727D141117B100A1BFCC /* PRPConnection.m */; };
		DA1372A9141117B100A1BFCC /* UIApplication+PRPNetworkActivity.m in Sources */ = {isa = PBXBuildFile; fileRef = DA137295141117B100A1BFCC /* UIApplication+PRPNetworkActivity.m */; };
		DA1372B11411187B00A1BFCC /* MobileCoreServices.framework in Frameworks */ = {isa = PBXBuildFile; fileRef = DA1372AF1411187B00A1BFCC /* MobileCoreServices.framework */; };
		DA1372B21411187B00A1BFCC /* SystemConfiguration.framework in Frameworks */ = {isa = PBXBuildFile; fileRef = DA1372B01411187B00A1BFCC /* SystemConfiguration.framework */; };
		DA1372BA141118D000A1BFCC /* MessageUI.framework in Frameworks */ = {isa = PBXBuildFile; fileRef = DA1372B7141118D000A1BFCC /* MessageUI.framework */; };
		DA1372BB141118D000A1BFCC /* QuartzCore.framework in Frameworks */ = {isa = PBXBuildFile; fileRef = DA1372B8141118D000A1BFCC /* QuartzCore.framework */; };
		DA1372BC141118D000A1BFCC /* Security.framework in Frameworks */ = {isa = PBXBuildFile; fileRef = DA1372B9141118D000A1BFCC /* Security.framework */; };
		DA1372C6141119BF00A1BFCC /* PRPNibBasedTableViewCell.m in Sources */ = {isa = PBXBuildFile; fileRef = DA1372BE141119BF00A1BFCC /* PRPNibBasedTableViewCell.m */; };
		DA1372C7141119BF00A1BFCC /* PRPSmartTableViewCell.m in Sources */ = {isa = PBXBuildFile; fileRef = DA1372C0141119BF00A1BFCC /* PRPSmartTableViewCell.m */; };
		DA1372C8141119BF00A1BFCC /* PRPWebViewController.m in Sources */ = {isa = PBXBuildFile; fileRef = DA1372C2141119BF00A1BFCC /* PRPWebViewController.m */; };
		DA1372C9141119BF00A1BFCC /* UITableView+PRPSubviewAdditions.m in Sources */ = {isa = PBXBuildFile; fileRef = DA1372C5141119BF00A1BFCC /* UITableView+PRPSubviewAdditions.m */; };
		DA1372E914111AAA00A1BFCC /* SOEStatusAPI.m in Sources */ = {isa = PBXBuildFile; fileRef = DA1372E814111AAA00A1BFCC /* SOEStatusAPI.m */; };
		DA1372F0141136BE00A1BFCC /* CFNetwork.framework in Frameworks */ = {isa = PBXBuildFile; fileRef = DA1372EF141136BD00A1BFCC /* CFNetwork.framework */; };
		DA1372F714113B6200A1BFCC /* games.plist in Resources */ = {isa = PBXBuildFile; fileRef = DA1372F614113B6200A1BFCC /* games.plist */; };
		DA1372FE1411935E00A1BFCC /* MoveArray.m in Sources */ = {isa = PBXBuildFile; fileRef = DA1372FD1411935D00A1BFCC /* MoveArray.m */; };
		DA1373021411968500A1BFCC /* ServerViewController.m in Sources */ = {isa = PBXBuildFile; fileRef = DA1373001411968400A1BFCC /* ServerViewController.m */; };
		DA1373031411968500A1BFCC /* ServerViewController.xib in Resources */ = {isa = PBXBuildFile; fileRef = DA1373011411968400A1BFCC /* ServerViewController.xib */; };
		DA137306141205C500A1BFCC /* medium_icon.png in Resources */ = {isa = PBXBuildFile; fileRef = DA137305141205C500A1BFCC /* medium_icon.png */; };
		DA137308141205CC00A1BFCC /* high_icon.png in Resources */ = {isa = PBXBuildFile; fileRef = DA137307141205CC00A1BFCC /* high_icon.png */; };
		DA13730A141205D300A1BFCC /* low_icon.png in Resources */ = {isa = PBXBuildFile; fileRef = DA137309141205D300A1BFCC /* low_icon.png */; };
		DA13730C141205DA00A1BFCC /* up_icon.png in Resources */ = {isa = PBXBuildFile; fileRef = DA13730B141205DA00A1BFCC /* up_icon.png */; };
		DA13730E141205E200A1BFCC /* missing_icon.png in Resources */ = {isa = PBXBuildFile; fileRef = DA13730D141205E200A1BFCC /* missing_icon.png */; };
		DA137310141205EA00A1BFCC /* lock_icon.png in Resources */ = {isa = PBXBuildFile; fileRef = DA13730F141205EA00A1BFCC /* lock_icon.png */; };
		DA137312141205F200A1BFCC /* down_icon.png in Resources */ = {isa = PBXBuildFile; fileRef = DA137311141205F200A1BFCC /* down_icon.png */; };
		DA3908CB16B9D4F300FE7286 /* Social.framework in Frameworks */ = {isa = PBXBuildFile; fileRef = DA3908CA16B9D4F300FE7286 /* Social.framework */; settings = {ATTRIBUTES = (Weak, ); }; };
		DA4D8DF9174E65FE00E61232 /* JBKenBurnsView.m in Sources */ = {isa = PBXBuildFile; fileRef = DA4D8DF8174E65FE00E61232 /* JBKenBurnsView.m */; };
		DA4D8DFF1750C5D800E61232 /* BackgroundViewController.m in Sources */ = {isa = PBXBuildFile; fileRef = DA4D8DFE1750C5D800E61232 /* BackgroundViewController.m */; };
		DA4D8E05175109E900E61232 /* SOEGame.m in Sources */ = {isa = PBXBuildFile; fileRef = DA4D8E04175109E900E61232 /* SOEGame.m */; };
		DA6D55B317522E0A0055EB92 /* AFHTTPClient.m in Sources */ = {isa = PBXBuildFile; fileRef = DA6D55A117522E0A0055EB92 /* AFHTTPClient.m */; };
		DA6D55B417522E0A0055EB92 /* AFHTTPRequestOperation.m in Sources */ = {isa = PBXBuildFile; fileRef = DA6D55A317522E0A0055EB92 /* AFHTTPRequestOperation.m */; };
		DA6D55B517522E0A0055EB92 /* AFImageRequestOperation.m in Sources */ = {isa = PBXBuildFile; fileRef = DA6D55A517522E0A0055EB92 /* AFImageRequestOperation.m */; };
		DA6D55B617522E0A0055EB92 /* AFJSONRequestOperation.m in Sources */ = {isa = PBXBuildFile; fileRef = DA6D55A717522E0A0055EB92 /* AFJSONRequestOperation.m */; };
		DA6D55B717522E0A0055EB92 /* AFNetworkActivityIndicatorManager.m in Sources */ = {isa = PBXBuildFile; fileRef = DA6D55A917522E0A0055EB92 /* AFNetworkActivityIndicatorManager.m */; };
		DA6D55B817522E0A0055EB92 /* AFPropertyListRequestOperation.m in Sources */ = {isa = PBXBuildFile; fileRef = DA6D55AC17522E0A0055EB92 /* AFPropertyListRequestOperation.m */; };
		DA6D55B917522E0A0055EB92 /* AFURLConnectionOperation.m in Sources */ = {isa = PBXBuildFile; fileRef = DA6D55AE17522E0A0055EB92 /* AFURLConnectionOperation.m */; };
		DA6D55BA17522E0A0055EB92 /* AFXMLRequestOperation.m in Sources */ = {isa = PBXBuildFile; fileRef = DA6D55B017522E0A0055EB92 /* AFXMLRequestOperation.m */; };
		DA6D55BB17522E0A0055EB92 /* UIImageView+AFNetworking.m in Sources */ = {isa = PBXBuildFile; fileRef = DA6D55B217522E0A0055EB92 /* UIImageView+AFNetworking.m */; };
		DA6D55BE1752562D0055EB92 /* SOEHTTPClient.m in Sources */ = {isa = PBXBuildFile; fileRef = DA6D55BD1752562D0055EB92 /* SOEHTTPClient.m */; };
		DA7889211611B40200A426F6 /* Default-568h@2x.png in Resources */ = {isa = PBXBuildFile; fileRef = DA7889201611B40200A426F6 /* Default-568h@2x.png */; };
		DA7889231611C0C400A426F6 /* Default-Portrait~ipad.png in Resources */ = {isa = PBXBuildFile; fileRef = DA7889221611C0C400A426F6 /* Default-Portrait~ipad.png */; };
		DA7889251611C19200A426F6 /* Default-Portrait@2x~ipad.png in Resources */ = {isa = PBXBuildFile; fileRef = DA7889241611C19200A426F6 /* Default-Portrait@2x~ipad.png */; };
		DA7889271611C1D900A426F6 /* Default.png in Resources */ = {isa = PBXBuildFile; fileRef = DA7889261611C1D900A426F6 /* Default.png */; };
		DA7889291611C22200A426F6 /* Default@2x.png in Resources */ = {isa = PBXBuildFile; fileRef = DA7889281611C22200A426F6 /* Default@2x.png */; };
		DA78892B1611C26A00A426F6 /* Default-Landscape~ipad.png in Resources */ = {isa = PBXBuildFile; fileRef = DA78892A1611C26A00A426F6 /* Default-Landscape~ipad.png */; };
		DA78892D1611C2BD00A426F6 /* Default-Landscape@2x~ipad.png in Resources */ = {isa = PBXBuildFile; fileRef = DA78892C1611C2BD00A426F6 /* Default-Landscape@2x~ipad.png */; };
		DA7889301611EE7C00A426F6 /* Server_144.png in Resources */ = {isa = PBXBuildFile; fileRef = DA78892E1611EE7B00A426F6 /* Server_144.png */; };
		DA96DB921421FA6C00F0CE7E /* PLRestful.m in Sources */ = {isa = PBXBuildFile; fileRef = DA96DB911421FA6C00F0CE7E /* PLRestful.m */; };
		DAA66EBC141612C600C0287A /* ServerCell.m in Sources */ = {isa = PBXBuildFile; fileRef = DAA66EBB141612C600C0287A /* ServerCell.m */; };
		DAA66EBF141612E500C0287A /* ServerCell.xib in Resources */ = {isa = PBXBuildFile; fileRef = DAA66EBE141612E500C0287A /* ServerCell.xib */; };
		DAA66ED21416BF7500C0287A /* Server_57.png in Resources */ = {isa = PBXBuildFile; fileRef = DAA66ED11416BF7500C0287A /* Server_57.png */; };
		DAA66ED41416BF7C00C0287A /* Server_114.png in Resources */ = {isa = PBXBuildFile; fileRef = DAA66ED31416BF7C00C0287A /* Server_114.png */; };
		DAA66ED81416C00B00C0287A /* Server_72.png in Resources */ = {isa = PBXBuildFile; fileRef = DAA66ED71416C00B00C0287A /* Server_72.png */; };
		DAB132B214410229006426E0 /* libz.dylib in Frameworks */ = {isa = PBXBuildFile; fileRef = DAB132B114410229006426E0 /* libz.dylib */; };
		DAEBA9581511127600EBB52A /* PLActionSheet.m in Sources */ = {isa = PBXBuildFile; fileRef = DAEBA9571511127600EBB52A /* PLActionSheet.m */; };
		DAEBA95A1511132600EBB52A /* Twitter.framework in Frameworks */ = {isa = PBXBuildFile; fileRef = DAEBA9591511132600EBB52A /* Twitter.framework */; };
/* End PBXBuildFile section */

/* Begin PBXFileReference section */
		DA137244141116B800A1BFCC /* SOEStatus.app */ = {isa = PBXFileReference; explicitFileType = wrapper.application; includeInIndex = 0; path = SOEStatus.app; sourceTree = BUILT_PRODUCTS_DIR; };
		DA137248141116B800A1BFCC /* UIKit.framework */ = {isa = PBXFileReference; lastKnownFileType = wrapper.framework; name = UIKit.framework; path = System/Library/Frameworks/UIKit.framework; sourceTree = SDKROOT; };
		DA13724A141116B800A1BFCC /* Foundation.framework */ = {isa = PBXFileReference; lastKnownFileType = wrapper.framework; name = Foundation.framework; path = System/Library/Frameworks/Foundation.framework; sourceTree = SDKROOT; };
		DA13724C141116B800A1BFCC /* CoreGraphics.framework */ = {isa = PBXFileReference; lastKnownFileType = wrapper.framework; name = CoreGraphics.framework; path = System/Library/Frameworks/CoreGraphics.framework; sourceTree = SDKROOT; };
		DA137250141116B800A1BFCC /* SOEStatus-Info.plist */ = {isa = PBXFileReference; lastKnownFileType = text.plist.xml; path = "SOEStatus-Info.plist"; sourceTree = "<group>"; };
		DA137252141116B800A1BFCC /* en */ = {isa = PBXFileReference; lastKnownFileType = text.plist.strings; name = en; path = en.lproj/InfoPlist.strings; sourceTree = "<group>"; };
		DA137254141116B800A1BFCC /* main.m */ = {isa = PBXFileReference; lastKnownFileType = sourcecode.c.objc; path = main.m; sourceTree = "<group>"; };
		DA137256141116B800A1BFCC /* SOEStatus-Prefix.pch */ = {isa = PBXFileReference; lastKnownFileType = sourcecode.c.h; path = "SOEStatus-Prefix.pch"; sourceTree = "<group>"; };
		DA137257141116B800A1BFCC /* SOEStatusAppDelegate.h */ = {isa = PBXFileReference; lastKnownFileType = sourcecode.c.h; path = SOEStatusAppDelegate.h; sourceTree = "<group>"; };
		DA137258141116B800A1BFCC /* SOEStatusAppDelegate.m */ = {isa = PBXFileReference; lastKnownFileType = sourcecode.c.objc; path = SOEStatusAppDelegate.m; sourceTree = "<group>"; };
		DA13725B141116B800A1BFCC /* en */ = {isa = PBXFileReference; lastKnownFileType = file.xib; name = en; path = en.lproj/MainWindow.xib; sourceTree = "<group>"; };
		DA13725D141116B800A1BFCC /* RootViewController.h */ = {isa = PBXFileReference; lastKnownFileType = sourcecode.c.h; path = RootViewController.h; sourceTree = "<group>"; };
		DA13725E141116B800A1BFCC /* RootViewController.m */ = {isa = PBXFileReference; lastKnownFileType = sourcecode.c.objc; path = RootViewController.m; sourceTree = "<group>"; };
		DA137261141116B800A1BFCC /* en */ = {isa = PBXFileReference; lastKnownFileType = file.xib; name = en; path = en.lproj/RootViewController.xib; sourceTree = "<group>"; };
		DA13726A141116CB00A1BFCC /* en */ = {isa = PBXFileReference; lastKnownFileType = file.xib; name = en; path = "iPad/en.lproj/MainWindow-iPad.xib"; sourceTree = "<group>"; };
		DA13727A141117B100A1BFCC /* PRPAlertView.h */ = {isa = PBXFileReference; fileEncoding = 4; lastKnownFileType = sourcecode.c.h; path = PRPAlertView.h; sourceTree = "<group>"; };
		DA13727B141117B100A1BFCC /* PRPAlertView.m */ = {isa = PBXFileReference; fileEncoding = 4; lastKnownFileType = sourcecode.c.objc; path = PRPAlertView.m; sourceTree = "<group>"; };
		DA13727C141117B100A1BFCC /* PRPConnection.h */ = {isa = PBXFileReference; fileEncoding = 4; lastKnownFileType = sourcecode.c.h; path = PRPConnection.h; sourceTree = "<group>"; };
		DA13727D141117B100A1BFCC /* PRPConnection.m */ = {isa = PBXFileReference; fileEncoding = 4; lastKnownFileType = sourcecode.c.objc; path = PRPConnection.m; sourceTree = "<group>"; };
		DA137294141117B100A1BFCC /* UIApplication+PRPNetworkActivity.h */ = {isa = PBXFileReference; fileEncoding = 4; lastKnownFileType = sourcecode.c.h; path = "UIApplication+PRPNetworkActivity.h"; sourceTree = "<group>"; };
		DA137295141117B100A1BFCC /* UIApplication+PRPNetworkActivity.m */ = {isa = PBXFileReference; fileEncoding = 4; lastKnownFileType = sourcecode.c.objc; path = "UIApplication+PRPNetworkActivity.m"; sourceTree = "<group>"; };
		DA1372AF1411187B00A1BFCC /* MobileCoreServices.framework */ = {isa = PBXFileReference; lastKnownFileType = wrapper.framework; name = MobileCoreServices.framework; path = System/Library/Frameworks/MobileCoreServices.framework; sourceTree = SDKROOT; };
		DA1372B01411187B00A1BFCC /* SystemConfiguration.framework */ = {isa = PBXFileReference; lastKnownFileType = wrapper.framework; name = SystemConfiguration.framework; path = System/Library/Frameworks/SystemConfiguration.framework; sourceTree = SDKROOT; };
		DA1372B7141118D000A1BFCC /* MessageUI.framework */ = {isa = PBXFileReference; lastKnownFileType = wrapper.framework; name = MessageUI.framework; path = System/Library/Frameworks/MessageUI.framework; sourceTree = SDKROOT; };
		DA1372B8141118D000A1BFCC /* QuartzCore.framework */ = {isa = PBXFileReference; lastKnownFileType = wrapper.framework; name = QuartzCore.framework; path = System/Library/Frameworks/QuartzCore.framework; sourceTree = SDKROOT; };
		DA1372B9141118D000A1BFCC /* Security.framework */ = {isa = PBXFileReference; lastKnownFileType = wrapper.framework; name = Security.framework; path = System/Library/Frameworks/Security.framework; sourceTree = SDKROOT; };
		DA1372BD141119BF00A1BFCC /* PRPNibBasedTableViewCell.h */ = {isa = PBXFileReference; fileEncoding = 4; lastKnownFileType = sourcecode.c.h; path = PRPNibBasedTableViewCell.h; sourceTree = "<group>"; };
		DA1372BE141119BF00A1BFCC /* PRPNibBasedTableViewCell.m */ = {isa = PBXFileReference; fileEncoding = 4; lastKnownFileType = sourcecode.c.objc; path = PRPNibBasedTableViewCell.m; sourceTree = "<group>"; };
		DA1372BF141119BF00A1BFCC /* PRPSmartTableViewCell.h */ = {isa = PBXFileReference; fileEncoding = 4; lastKnownFileType = sourcecode.c.h; path = PRPSmartTableViewCell.h; sourceTree = "<group>"; };
		DA1372C0141119BF00A1BFCC /* PRPSmartTableViewCell.m */ = {isa = PBXFileReference; fileEncoding = 4; lastKnownFileType = sourcecode.c.objc; path = PRPSmartTableViewCell.m; sourceTree = "<group>"; };
		DA1372C1141119BF00A1BFCC /* PRPWebViewController.h */ = {isa = PBXFileReference; fileEncoding = 4; lastKnownFileType = sourcecode.c.h; path = PRPWebViewController.h; sourceTree = "<group>"; };
		DA1372C2141119BF00A1BFCC /* PRPWebViewController.m */ = {isa = PBXFileReference; fileEncoding = 4; lastKnownFileType = sourcecode.c.objc; path = PRPWebViewController.m; sourceTree = "<group>"; };
		DA1372C3141119BF00A1BFCC /* PRPWebViewControllerDelegate.h */ = {isa = PBXFileReference; fileEncoding = 4; lastKnownFileType = sourcecode.c.h; path = PRPWebViewControllerDelegate.h; sourceTree = "<group>"; };
		DA1372C4141119BF00A1BFCC /* UITableView+PRPSubviewAdditions.h */ = {isa = PBXFileReference; fileEncoding = 4; lastKnownFileType = sourcecode.c.h; path = "UITableView+PRPSubviewAdditions.h"; sourceTree = "<group>"; };
		DA1372C5141119BF00A1BFCC /* UITableView+PRPSubviewAdditions.m */ = {isa = PBXFileReference; fileEncoding = 4; lastKnownFileType = sourcecode.c.objc; path = "UITableView+PRPSubviewAdditions.m"; sourceTree = "<group>"; };
		DA1372E714111AAA00A1BFCC /* SOEStatusAPI.h */ = {isa = PBXFileReference; fileEncoding = 4; lastKnownFileType = sourcecode.c.h; path = SOEStatusAPI.h; sourceTree = "<group>"; };
		DA1372E814111AAA00A1BFCC /* SOEStatusAPI.m */ = {isa = PBXFileReference; fileEncoding = 4; lastKnownFileType = sourcecode.c.objc; path = SOEStatusAPI.m; sourceTree = "<group>"; };
		DA1372EF141136BD00A1BFCC /* CFNetwork.framework */ = {isa = PBXFileReference; lastKnownFileType = wrapper.framework; name = CFNetwork.framework; path = System/Library/Frameworks/CFNetwork.framework; sourceTree = SDKROOT; };
		DA1372F614113B6200A1BFCC /* games.plist */ = {isa = PBXFileReference; lastKnownFileType = text.plist; path = games.plist; sourceTree = "<group>"; };
		DA1372FC1411935D00A1BFCC /* MoveArray.h */ = {isa = PBXFileReference; fileEncoding = 4; lastKnownFileType = sourcecode.c.h; path = MoveArray.h; sourceTree = "<group>"; };
		DA1372FD1411935D00A1BFCC /* MoveArray.m */ = {isa = PBXFileReference; fileEncoding = 4; lastKnownFileType = sourcecode.c.objc; path = MoveArray.m; sourceTree = "<group>"; };
		DA1372FF1411968400A1BFCC /* ServerViewController.h */ = {isa = PBXFileReference; fileEncoding = 4; lastKnownFileType = sourcecode.c.h; path = ServerViewController.h; sourceTree = "<group>"; };
		DA1373001411968400A1BFCC /* ServerViewController.m */ = {isa = PBXFileReference; fileEncoding = 4; lastKnownFileType = sourcecode.c.objc; path = ServerViewController.m; sourceTree = "<group>"; };
		DA1373011411968400A1BFCC /* ServerViewController.xib */ = {isa = PBXFileReference; fileEncoding = 4; lastKnownFileType = file.xib; path = ServerViewController.xib; sourceTree = "<group>"; };
		DA137305141205C500A1BFCC /* medium_icon.png */ = {isa = PBXFileReference; lastKnownFileType = image.png; path = medium_icon.png; sourceTree = "<group>"; };
		DA137307141205CC00A1BFCC /* high_icon.png */ = {isa = PBXFileReference; lastKnownFileType = image.png; path = high_icon.png; sourceTree = "<group>"; };
		DA137309141205D300A1BFCC /* low_icon.png */ = {isa = PBXFileReference; lastKnownFileType = image.png; path = low_icon.png; sourceTree = "<group>"; };
		DA13730B141205DA00A1BFCC /* up_icon.png */ = {isa = PBXFileReference; lastKnownFileType = image.png; path = up_icon.png; sourceTree = "<group>"; };
		DA13730D141205E200A1BFCC /* missing_icon.png */ = {isa = PBXFileReference; lastKnownFileType = image.png; path = missing_icon.png; sourceTree = "<group>"; };
		DA13730F141205EA00A1BFCC /* lock_icon.png */ = {isa = PBXFileReference; lastKnownFileType = image.png; path = lock_icon.png; sourceTree = "<group>"; };
		DA137311141205F200A1BFCC /* down_icon.png */ = {isa = PBXFileReference; lastKnownFileType = image.png; path = down_icon.png; sourceTree = "<group>"; };
		DA1D544B1442F44E006E652A /* README.md */ = {isa = PBXFileReference; fileEncoding = 4; lastKnownFileType = text; path = README.md; sourceTree = "<group>"; };
		DA3908CA16B9D4F300FE7286 /* Social.framework */ = {isa = PBXFileReference; lastKnownFileType = wrapper.framework; name = Social.framework; path = System/Library/Frameworks/Social.framework; sourceTree = SDKROOT; };
		DA4D8DF7174E65FE00E61232 /* JBKenBurnsView.h */ = {isa = PBXFileReference; fileEncoding = 4; lastKnownFileType = sourcecode.c.h; path = JBKenBurnsView.h; sourceTree = "<group>"; };
		DA4D8DF8174E65FE00E61232 /* JBKenBurnsView.m */ = {isa = PBXFileReference; fileEncoding = 4; lastKnownFileType = sourcecode.c.objc; path = JBKenBurnsView.m; sourceTree = "<group>"; };
		DA4D8DFD1750C5D800E61232 /* BackgroundViewController.h */ = {isa = PBXFileReference; fileEncoding = 4; lastKnownFileType = sourcecode.c.h; path = BackgroundViewController.h; sourceTree = "<group>"; };
		DA4D8DFE1750C5D800E61232 /* BackgroundViewController.m */ = {isa = PBXFileReference; fileEncoding = 4; lastKnownFileType = sourcecode.c.objc; path = BackgroundViewController.m; sourceTree = "<group>"; };
		DA4D8E001750C91B00E61232 /* FlickrAPIKey.h */ = {isa = PBXFileReference; lastKnownFileType = sourcecode.c.h; path = FlickrAPIKey.h; sourceTree = "<group>"; };
		DA4D8E03175109E800E61232 /* SOEGame.h */ = {isa = PBXFileReference; fileEncoding = 4; lastKnownFileType = sourcecode.c.h; path = SOEGame.h; sourceTree = "<group>"; };
		DA4D8E04175109E900E61232 /* SOEGame.m */ = {isa = PBXFileReference; fileEncoding = 4; lastKnownFileType = sourcecode.c.objc; path = SOEGame.m; sourceTree = "<group>"; };
		DA6D55A017522E0A0055EB92 /* AFHTTPClient.h */ = {isa = PBXFileReference; fileEncoding = 4; lastKnownFileType = sourcecode.c.h; path = AFHTTPClient.h; sourceTree = "<group>"; };
		DA6D55A117522E0A0055EB92 /* AFHTTPClient.m */ = {isa = PBXFileReference; fileEncoding = 4; lastKnownFileType = sourcecode.c.objc; path = AFHTTPClient.m; sourceTree = "<group>"; };
		DA6D55A217522E0A0055EB92 /* AFHTTPRequestOperation.h */ = {isa = PBXFileReference; fileEncoding = 4; lastKnownFileType = sourcecode.c.h; path = AFHTTPRequestOperation.h; sourceTree = "<group>"; };
		DA6D55A317522E0A0055EB92 /* AFHTTPRequestOperation.m */ = {isa = PBXFileReference; fileEncoding = 4; lastKnownFileType = sourcecode.c.objc; path = AFHTTPRequestOperation.m; sourceTree = "<group>"; };
		DA6D55A417522E0A0055EB92 /* AFImageRequestOperation.h */ = {isa = PBXFileReference; fileEncoding = 4; lastKnownFileType = sourcecode.c.h; path = AFImageRequestOperation.h; sourceTree = "<group>"; };
		DA6D55A517522E0A0055EB92 /* AFImageRequestOperation.m */ = {isa = PBXFileReference; fileEncoding = 4; lastKnownFileType = sourcecode.c.objc; path = AFImageRequestOperation.m; sourceTree = "<group>"; };
		DA6D55A617522E0A0055EB92 /* AFJSONRequestOperation.h */ = {isa = PBXFileReference; fileEncoding = 4; lastKnownFileType = sourcecode.c.h; path = AFJSONRequestOperation.h; sourceTree = "<group>"; };
		DA6D55A717522E0A0055EB92 /* AFJSONRequestOperation.m */ = {isa = PBXFileReference; fileEncoding = 4; lastKnownFileType = sourcecode.c.objc; path = AFJSONRequestOperation.m; sourceTree = "<group>"; };
		DA6D55A817522E0A0055EB92 /* AFNetworkActivityIndicatorManager.h */ = {isa = PBXFileReference; fileEncoding = 4; lastKnownFileType = sourcecode.c.h; path = AFNetworkActivityIndicatorManager.h; sourceTree = "<group>"; };
		DA6D55A917522E0A0055EB92 /* AFNetworkActivityIndicatorManager.m */ = {isa = PBXFileReference; fileEncoding = 4; lastKnownFileType = sourcecode.c.objc; path = AFNetworkActivityIndicatorManager.m; sourceTree = "<group>"; };
		DA6D55AA17522E0A0055EB92 /* AFNetworking.h */ = {isa = PBXFileReference; fileEncoding = 4; lastKnownFileType = sourcecode.c.h; path = AFNetworking.h; sourceTree = "<group>"; };
		DA6D55AB17522E0A0055EB92 /* AFPropertyListRequestOperation.h */ = {isa = PBXFileReference; fileEncoding = 4; lastKnownFileType = sourcecode.c.h; path = AFPropertyListRequestOperation.h; sourceTree = "<group>"; };
		DA6D55AC17522E0A0055EB92 /* AFPropertyListRequestOperation.m */ = {isa = PBXFileReference; fileEncoding = 4; lastKnownFileType = sourcecode.c.objc; path = AFPropertyListRequestOperation.m; sourceTree = "<group>"; };
		DA6D55AD17522E0A0055EB92 /* AFURLConnectionOperation.h */ = {isa = PBXFileReference; fileEncoding = 4; lastKnownFileType = sourcecode.c.h; path = AFURLConnectionOperation.h; sourceTree = "<group>"; };
		DA6D55AE17522E0A0055EB92 /* AFURLConnectionOperation.m */ = {isa = PBXFileReference; fileEncoding = 4; lastKnownFileType = sourcecode.c.objc; path = AFURLConnectionOperation.m; sourceTree = "<group>"; };
		DA6D55AF17522E0A0055EB92 /* AFXMLRequestOperation.h */ = {isa = PBXFileReference; fileEncoding = 4; lastKnownFileType = sourcecode.c.h; path = AFXMLRequestOperation.h; sourceTree = "<group>"; };
		DA6D55B017522E0A0055EB92 /* AFXMLRequestOperation.m */ = {isa = PBXFileReference; fileEncoding = 4; lastKnownFileType = sourcecode.c.objc; path = AFXMLRequestOperation.m; sourceTree = "<group>"; };
		DA6D55B117522E0A0055EB92 /* UIImageView+AFNetworking.h */ = {isa = PBXFileReference; fileEncoding = 4; lastKnownFileType = sourcecode.c.h; path = "UIImageView+AFNetworking.h"; sourceTree = "<group>"; };
		DA6D55B217522E0A0055EB92 /* UIImageView+AFNetworking.m */ = {isa = PBXFileReference; fileEncoding = 4; lastKnownFileType = sourcecode.c.objc; path = "UIImageView+AFNetworking.m"; sourceTree = "<group>"; };
		DA6D55BC1752562D0055EB92 /* SOEHTTPClient.h */ = {isa = PBXFileReference; fileEncoding = 4; lastKnownFileType = sourcecode.c.h; path = SOEHTTPClient.h; sourceTree = "<group>"; };
		DA6D55BD1752562D0055EB92 /* SOEHTTPClient.m */ = {isa = PBXFileReference; fileEncoding = 4; lastKnownFileType = sourcecode.c.objc; path = SOEHTTPClient.m; sourceTree = "<group>"; };
		DA7889201611B40200A426F6 /* Default-568h@2x.png */ = {isa = PBXFileReference; lastKnownFileType = image.png; path = "Default-568h@2x.png"; sourceTree = "<group>"; };
		DA7889221611C0C400A426F6 /* Default-Portrait~ipad.png */ = {isa = PBXFileReference; lastKnownFileType = image.png; path = "Default-Portrait~ipad.png"; sourceTree = "<group>"; };
		DA7889241611C19200A426F6 /* Default-Portrait@2x~ipad.png */ = {isa = PBXFileReference; lastKnownFileType = image.png; path = "Default-Portrait@2x~ipad.png"; sourceTree = "<group>"; };
		DA7889261611C1D900A426F6 /* Default.png */ = {isa = PBXFileReference; lastKnownFileType = image.png; path = Default.png; sourceTree = "<group>"; };
		DA7889281611C22200A426F6 /* Default@2x.png */ = {isa = PBXFileReference; lastKnownFileType = image.png; path = "Default@2x.png"; sourceTree = "<group>"; };
		DA78892A1611C26A00A426F6 /* Default-Landscape~ipad.png */ = {isa = PBXFileReference; lastKnownFileType = image.png; path = "Default-Landscape~ipad.png"; sourceTree = "<group>"; };
		DA78892C1611C2BD00A426F6 /* Default-Landscape@2x~ipad.png */ = {isa = PBXFileReference; lastKnownFileType = image.png; path = "Default-Landscape@2x~ipad.png"; sourceTree = "<group>"; };
		DA78892E1611EE7B00A426F6 /* Server_144.png */ = {isa = PBXFileReference; lastKnownFileType = image.png; path = Server_144.png; sourceTree = SOURCE_ROOT; };
		DA78892F1611EE7C00A426F6 /* Server_1024.png */ = {isa = PBXFileReference; lastKnownFileType = image.png; path = Server_1024.png; sourceTree = SOURCE_ROOT; };
		DA96DB901421FA6C00F0CE7E /* PLRestful.h */ = {isa = PBXFileReference; fileEncoding = 4; lastKnownFileType = sourcecode.c.h; path = PLRestful.h; sourceTree = "<group>"; };
		DA96DB911421FA6C00F0CE7E /* PLRestful.m */ = {isa = PBXFileReference; fileEncoding = 4; lastKnownFileType = sourcecode.c.objc; path = PLRestful.m; sourceTree = "<group>"; };
		DAA66EBA141612C500C0287A /* ServerCell.h */ = {isa = PBXFileReference; fileEncoding = 4; lastKnownFileType = sourcecode.c.h; path = ServerCell.h; sourceTree = "<group>"; };
		DAA66EBB141612C600C0287A /* ServerCell.m */ = {isa = PBXFileReference; fileEncoding = 4; lastKnownFileType = sourcecode.c.objc; path = ServerCell.m; sourceTree = "<group>"; };
		DAA66EBE141612E500C0287A /* ServerCell.xib */ = {isa = PBXFileReference; fileEncoding = 4; lastKnownFileType = file.xib; path = ServerCell.xib; sourceTree = "<group>"; };
		DAA66ECF1416B9A000C0287A /* Server_olivier_boyer_04.svg */ = {isa = PBXFileReference; lastKnownFileType = text.xml; path = Server_olivier_boyer_04.svg; sourceTree = "<group>"; };
		DAA66ED11416BF7500C0287A /* Server_57.png */ = {isa = PBXFileReference; lastKnownFileType = image.png; name = Server_57.png; path = ../Server_57.png; sourceTree = "<group>"; };
		DAA66ED31416BF7C00C0287A /* Server_114.png */ = {isa = PBXFileReference; lastKnownFileType = image.png; name = Server_114.png; path = ../Server_114.png; sourceTree = "<group>"; };
		DAA66ED51416BFAA00C0287A /* Server_2.svg */ = {isa = PBXFileReference; fileEncoding = 4; lastKnownFileType = text.xml; path = Server_2.svg; sourceTree = "<group>"; };
		DAA66ED71416C00B00C0287A /* Server_72.png */ = {isa = PBXFileReference; lastKnownFileType = image.png; name = Server_72.png; path = ../Server_72.png; sourceTree = "<group>"; };
		DAA66ED91416CB9B00C0287A /* Server_512.png */ = {isa = PBXFileReference; lastKnownFileType = image.png; path = Server_512.png; sourceTree = "<group>"; };
		DAB132B114410229006426E0 /* libz.dylib */ = {isa = PBXFileReference; lastKnownFileType = "compiled.mach-o.dylib"; name = libz.dylib; path = usr/lib/libz.dylib; sourceTree = SDKROOT; };
		DAEBA9561511127600EBB52A /* PLActionSheet.h */ = {isa = PBXFileReference; fileEncoding = 4; lastKnownFileType = sourcecode.c.h; path = PLActionSheet.h; sourceTree = "<group>"; };
		DAEBA9571511127600EBB52A /* PLActionSheet.m */ = {isa = PBXFileReference; fileEncoding = 4; lastKnownFileType = sourcecode.c.objc; path = PLActionSheet.m; sourceTree = "<group>"; };
		DAEBA9591511132600EBB52A /* Twitter.framework */ = {isa = PBXFileReference; lastKnownFileType = wrapper.framework; name = Twitter.framework; path = System/Library/Frameworks/Twitter.framework; sourceTree = SDKROOT; };
/* End PBXFileReference section */

/* Begin PBXFrameworksBuildPhase section */
		DA137241141116B800A1BFCC /* Frameworks */ = {
			isa = PBXFrameworksBuildPhase;
			buildActionMask = 2147483647;
			files = (
				DA3908CB16B9D4F300FE7286 /* Social.framework in Frameworks */,
				DAEBA95A1511132600EBB52A /* Twitter.framework in Frameworks */,
				DAB132B214410229006426E0 /* libz.dylib in Frameworks */,
				DA1372F0141136BE00A1BFCC /* CFNetwork.framework in Frameworks */,
				DA1372BA141118D000A1BFCC /* MessageUI.framework in Frameworks */,
				DA1372BB141118D000A1BFCC /* QuartzCore.framework in Frameworks */,
				DA1372BC141118D000A1BFCC /* Security.framework in Frameworks */,
				DA1372B11411187B00A1BFCC /* MobileCoreServices.framework in Frameworks */,
				DA1372B21411187B00A1BFCC /* SystemConfiguration.framework in Frameworks */,
				DA137249141116B800A1BFCC /* UIKit.framework in Frameworks */,
				DA13724B141116B800A1BFCC /* Foundation.framework in Frameworks */,
				DA13724D141116B800A1BFCC /* CoreGraphics.framework in Frameworks */,
			);
			runOnlyForDeploymentPostprocessing = 0;
		};
/* End PBXFrameworksBuildPhase section */

/* Begin PBXGroup section */
		DA137239141116B800A1BFCC = {
			isa = PBXGroup;
			children = (
				DA1D544B1442F44E006E652A /* README.md */,
				DA78892C1611C2BD00A426F6 /* Default-Landscape@2x~ipad.png */,
				DA78892A1611C26A00A426F6 /* Default-Landscape~ipad.png */,
				DA7889281611C22200A426F6 /* Default@2x.png */,
				DA7889261611C1D900A426F6 /* Default.png */,
				DA7889241611C19200A426F6 /* Default-Portrait@2x~ipad.png */,
				DA7889221611C0C400A426F6 /* Default-Portrait~ipad.png */,
				DA7889201611B40200A426F6 /* Default-568h@2x.png */,
				DAA66ECF1416B9A000C0287A /* Server_olivier_boyer_04.svg */,
				DAA66ED51416BFAA00C0287A /* Server_2.svg */,
				DAA66ED91416CB9B00C0287A /* Server_512.png */,
				DA78892F1611EE7C00A426F6 /* Server_1024.png */,
				DA13724E141116B800A1BFCC /* SOEStatus */,
				DA13726C1411172B00A1BFCC /* Third Party Code */,
				DA137247141116B800A1BFCC /* Frameworks */,
				DA137245141116B800A1BFCC /* Products */,
			);
			sourceTree = "<group>";
		};
		DA137245141116B800A1BFCC /* Products */ = {
			isa = PBXGroup;
			children = (
				DA137244141116B800A1BFCC /* SOEStatus.app */,
			);
			name = Products;
			sourceTree = "<group>";
		};
		DA137247141116B800A1BFCC /* Frameworks */ = {
			isa = PBXGroup;
			children = (
				DA3908CA16B9D4F300FE7286 /* Social.framework */,
				DAEBA9591511132600EBB52A /* Twitter.framework */,
				DAB132B114410229006426E0 /* libz.dylib */,
				DA1372EF141136BD00A1BFCC /* CFNetwork.framework */,
				DA1372B7141118D000A1BFCC /* MessageUI.framework */,
				DA1372B8141118D000A1BFCC /* QuartzCore.framework */,
				DA1372B9141118D000A1BFCC /* Security.framework */,
				DA1372AF1411187B00A1BFCC /* MobileCoreServices.framework */,
				DA1372B01411187B00A1BFCC /* SystemConfiguration.framework */,
				DA137248141116B800A1BFCC /* UIKit.framework */,
				DA13724A141116B800A1BFCC /* Foundation.framework */,
				DA13724C141116B800A1BFCC /* CoreGraphics.framework */,
			);
			name = Frameworks;
			sourceTree = "<group>";
		};
		DA13724E141116B800A1BFCC /* SOEStatus */ = {
			isa = PBXGroup;
			children = (
				DA6D55BC1752562D0055EB92 /* SOEHTTPClient.h */,
				DA6D55BD1752562D0055EB92 /* SOEHTTPClient.m */,
				DA96DB901421FA6C00F0CE7E /* PLRestful.h */,
				DA96DB911421FA6C00F0CE7E /* PLRestful.m */,
				DA1372E714111AAA00A1BFCC /* SOEStatusAPI.h */,
				DA1372E814111AAA00A1BFCC /* SOEStatusAPI.m */,
				DA4D8E03175109E800E61232 /* SOEGame.h */,
				DA4D8E04175109E900E61232 /* SOEGame.m */,
				DA137257141116B800A1BFCC /* SOEStatusAppDelegate.h */,
				DA137258141116B800A1BFCC /* SOEStatusAppDelegate.m */,
				DA13725A141116B800A1BFCC /* MainWindow.xib */,
				DA1372FC1411935D00A1BFCC /* MoveArray.h */,
				DA1372FD1411935D00A1BFCC /* MoveArray.m */,
				DA13725D141116B800A1BFCC /* RootViewController.h */,
				DA13725E141116B800A1BFCC /* RootViewController.m */,
				DA137260141116B800A1BFCC /* RootViewController.xib */,
				DA4D8DFD1750C5D800E61232 /* BackgroundViewController.h */,
				DA4D8DFE1750C5D800E61232 /* BackgroundViewController.m */,
				DA1372FF1411968400A1BFCC /* ServerViewController.h */,
				DA1373001411968400A1BFCC /* ServerViewController.m */,
				DA1373011411968400A1BFCC /* ServerViewController.xib */,
				DAA66EBA141612C500C0287A /* ServerCell.h */,
				DAA66EBB141612C600C0287A /* ServerCell.m */,
				DAA66EBE141612E500C0287A /* ServerCell.xib */,
				DAEBA9561511127600EBB52A /* PLActionSheet.h */,
				DAEBA9571511127600EBB52A /* PLActionSheet.m */,
				DA4D8E001750C91B00E61232 /* FlickrAPIKey.h */,
				DA13724F141116B800A1BFCC /* Supporting Files */,
			);
			path = SOEStatus;
			sourceTree = "<group>";
		};
		DA13724F141116B800A1BFCC /* Supporting Files */ = {
			isa = PBXGroup;
			children = (
				DA137250141116B800A1BFCC /* SOEStatus-Info.plist */,
				DA137251141116B800A1BFCC /* InfoPlist.strings */,
				DAA66ED31416BF7C00C0287A /* Server_114.png */,
				DAA66ED11416BF7500C0287A /* Server_57.png */,
				DAA66ED71416C00B00C0287A /* Server_72.png */,
				DA78892E1611EE7B00A426F6 /* Server_144.png */,
				DA137268141116C900A1BFCC /* iPad */,
				DA1373041412017D00A1BFCC /* UI Images */,
				DA137254141116B800A1BFCC /* main.m */,
				DA137256141116B800A1BFCC /* SOEStatus-Prefix.pch */,
				DA1372F614113B6200A1BFCC /* games.plist */,
			);
			name = "Supporting Files";
			sourceTree = "<group>";
		};
		DA137268141116C900A1BFCC /* iPad */ = {
			isa = PBXGroup;
			children = (
				DA137269141116CB00A1BFCC /* MainWindow-iPad.xib */,
			);
			name = iPad;
			sourceTree = "<group>";
		};
		DA13726C1411172B00A1BFCC /* Third Party Code */ = {
			isa = PBXGroup;
			children = (
				DA6D559F17522E0A0055EB92 /* AFNetworking */,
				DA1372AC1411180E00A1BFCC /* iOS Recipes */,
				DA4D8DF7174E65FE00E61232 /* JBKenBurnsView.h */,
				DA4D8DF8174E65FE00E61232 /* JBKenBurnsView.m */,
			);
			name = "Third Party Code";
			path = SOEStatus;
			sourceTree = "<group>";
		};
		DA1372AC1411180E00A1BFCC /* iOS Recipes */ = {
			isa = PBXGroup;
			children = (
				DA1372BD141119BF00A1BFCC /* PRPNibBasedTableViewCell.h */,
				DA1372BE141119BF00A1BFCC /* PRPNibBasedTableViewCell.m */,
				DA1372BF141119BF00A1BFCC /* PRPSmartTableViewCell.h */,
				DA1372C0141119BF00A1BFCC /* PRPSmartTableViewCell.m */,
				DA1372C1141119BF00A1BFCC /* PRPWebViewController.h */,
				DA1372C2141119BF00A1BFCC /* PRPWebViewController.m */,
				DA1372C3141119BF00A1BFCC /* PRPWebViewControllerDelegate.h */,
				DA1372C4141119BF00A1BFCC /* UITableView+PRPSubviewAdditions.h */,
				DA1372C5141119BF00A1BFCC /* UITableView+PRPSubviewAdditions.m */,
				DA13727A141117B100A1BFCC /* PRPAlertView.h */,
				DA13727B141117B100A1BFCC /* PRPAlertView.m */,
				DA13727C141117B100A1BFCC /* PRPConnection.h */,
				DA13727D141117B100A1BFCC /* PRPConnection.m */,
				DA137294141117B100A1BFCC /* UIApplication+PRPNetworkActivity.h */,
				DA137295141117B100A1BFCC /* UIApplication+PRPNetworkActivity.m */,
			);
			name = "iOS Recipes";
			sourceTree = "<group>";
		};
		DA1373041412017D00A1BFCC /* UI Images */ = {
			isa = PBXGroup;
			children = (
				DA13730B141205DA00A1BFCC /* up_icon.png */,
				DA137311141205F200A1BFCC /* down_icon.png */,
				DA13730D141205E200A1BFCC /* missing_icon.png */,
				DA13730F141205EA00A1BFCC /* lock_icon.png */,
				DA137309141205D300A1BFCC /* low_icon.png */,
				DA137305141205C500A1BFCC /* medium_icon.png */,
				DA137307141205CC00A1BFCC /* high_icon.png */,
			);
			name = "UI Images";
			sourceTree = "<group>";
		};
		DA6D559F17522E0A0055EB92 /* AFNetworking */ = {
			isa = PBXGroup;
			children = (
				DA6D55A017522E0A0055EB92 /* AFHTTPClient.h */,
				DA6D55A117522E0A0055EB92 /* AFHTTPClient.m */,
				DA6D55A217522E0A0055EB92 /* AFHTTPRequestOperation.h */,
				DA6D55A317522E0A0055EB92 /* AFHTTPRequestOperation.m */,
				DA6D55A417522E0A0055EB92 /* AFImageRequestOperation.h */,
				DA6D55A517522E0A0055EB92 /* AFImageRequestOperation.m */,
				DA6D55A617522E0A0055EB92 /* AFJSONRequestOperation.h */,
				DA6D55A717522E0A0055EB92 /* AFJSONRequestOperation.m */,
				DA6D55A817522E0A0055EB92 /* AFNetworkActivityIndicatorManager.h */,
				DA6D55A917522E0A0055EB92 /* AFNetworkActivityIndicatorManager.m */,
				DA6D55AA17522E0A0055EB92 /* AFNetworking.h */,
				DA6D55AB17522E0A0055EB92 /* AFPropertyListRequestOperation.h */,
				DA6D55AC17522E0A0055EB92 /* AFPropertyListRequestOperation.m */,
				DA6D55AD17522E0A0055EB92 /* AFURLConnectionOperation.h */,
				DA6D55AE17522E0A0055EB92 /* AFURLConnectionOperation.m */,
				DA6D55AF17522E0A0055EB92 /* AFXMLRequestOperation.h */,
				DA6D55B017522E0A0055EB92 /* AFXMLRequestOperation.m */,
				DA6D55B117522E0A0055EB92 /* UIImageView+AFNetworking.h */,
				DA6D55B217522E0A0055EB92 /* UIImageView+AFNetworking.m */,
			);
			path = AFNetworking;
			sourceTree = "<group>";
		};
/* End PBXGroup section */

/* Begin PBXNativeTarget section */
		DA137243141116B800A1BFCC /* SOEStatus */ = {
			isa = PBXNativeTarget;
			buildConfigurationList = DA137265141116B800A1BFCC /* Build configuration list for PBXNativeTarget "SOEStatus" */;
			buildPhases = (
				DA137240141116B800A1BFCC /* Sources */,
				DA137241141116B800A1BFCC /* Frameworks */,
				DA137242141116B800A1BFCC /* Resources */,
			);
			buildRules = (
			);
			dependencies = (
			);
			name = SOEStatus;
			productName = SOEStatus;
			productReference = DA137244141116B800A1BFCC /* SOEStatus.app */;
			productType = "com.apple.product-type.application";
		};
/* End PBXNativeTarget section */

/* Begin PBXProject section */
		DA13723B141116B800A1BFCC /* Project object */ = {
			isa = PBXProject;
			attributes = {
				LastUpgradeCheck = 0450;
				ORGANIZATIONNAME = "P & L Systems";
			};
			buildConfigurationList = DA13723E141116B800A1BFCC /* Build configuration list for PBXProject "SOEStatus" */;
			compatibilityVersion = "Xcode 3.2";
			developmentRegion = English;
			hasScannedForEncodings = 0;
			knownRegions = (
				en,
			);
			mainGroup = DA137239141116B800A1BFCC;
			productRefGroup = DA137245141116B800A1BFCC /* Products */;
			projectDirPath = "";
			projectRoot = "";
			targets = (
				DA137243141116B800A1BFCC /* SOEStatus */,
			);
		};
/* End PBXProject section */

/* Begin PBXResourcesBuildPhase section */
		DA137242141116B800A1BFCC /* Resources */ = {
			isa = PBXResourcesBuildPhase;
			buildActionMask = 2147483647;
			files = (
				DA137253141116B800A1BFCC /* InfoPlist.strings in Resources */,
				DA13725C141116B800A1BFCC /* MainWindow.xib in Resources */,
				DA137262141116B800A1BFCC /* RootViewController.xib in Resources */,
				DA13726B141116CB00A1BFCC /* MainWindow-iPad.xib in Resources */,
				DA1372F714113B6200A1BFCC /* games.plist in Resources */,
				DA1373031411968500A1BFCC /* ServerViewController.xib in Resources */,
				DA137306141205C500A1BFCC /* medium_icon.png in Resources */,
				DA137308141205CC00A1BFCC /* high_icon.png in Resources */,
				DA13730A141205D300A1BFCC /* low_icon.png in Resources */,
				DA13730C141205DA00A1BFCC /* up_icon.png in Resources */,
				DA13730E141205E200A1BFCC /* missing_icon.png in Resources */,
				DA137310141205EA00A1BFCC /* lock_icon.png in Resources */,
				DA137312141205F200A1BFCC /* down_icon.png in Resources */,
				DAA66EBF141612E500C0287A /* ServerCell.xib in Resources */,
				DAA66ED21416BF7500C0287A /* Server_57.png in Resources */,
				DAA66ED41416BF7C00C0287A /* Server_114.png in Resources */,
				DAA66ED81416C00B00C0287A /* Server_72.png in Resources */,
				DA7889211611B40200A426F6 /* Default-568h@2x.png in Resources */,
				DA7889231611C0C400A426F6 /* Default-Portrait~ipad.png in Resources */,
				DA7889251611C19200A426F6 /* Default-Portrait@2x~ipad.png in Resources */,
				DA7889271611C1D900A426F6 /* Default.png in Resources */,
				DA7889291611C22200A426F6 /* Default@2x.png in Resources */,
				DA78892B1611C26A00A426F6 /* Default-Landscape~ipad.png in Resources */,
				DA78892D1611C2BD00A426F6 /* Default-Landscape@2x~ipad.png in Resources */,
				DA7889301611EE7C00A426F6 /* Server_144.png in Resources */,
			);
			runOnlyForDeploymentPostprocessing = 0;
		};
/* End PBXResourcesBuildPhase section */

/* Begin PBXSourcesBuildPhase section */
		DA137240141116B800A1BFCC /* Sources */ = {
			isa = PBXSourcesBuildPhase;
			buildActionMask = 2147483647;
			files = (
				DA137255141116B800A1BFCC /* main.m in Sources */,
				DA137259141116B800A1BFCC /* SOEStatusAppDelegate.m in Sources */,
				DA13725F141116B800A1BFCC /* RootViewController.m in Sources */,
				DA13729C141117B100A1BFCC /* PRPAlertView.m in Sources */,
				DA13729D141117B100A1BFCC /* PRPConnection.m in Sources */,
				DA1372A9141117B100A1BFCC /* UIApplication+PRPNetworkActivity.m in Sources */,
				DA1372C6141119BF00A1BFCC /* PRPNibBasedTableViewCell.m in Sources */,
				DA1372C7141119BF00A1BFCC /* PRPSmartTableViewCell.m in Sources */,
				DA1372C8141119BF00A1BFCC /* PRPWebViewController.m in Sources */,
				DA1372C9141119BF00A1BFCC /* UITableView+PRPSubviewAdditions.m in Sources */,
				DA1372E914111AAA00A1BFCC /* SOEStatusAPI.m in Sources */,
				DA1372FE1411935E00A1BFCC /* MoveArray.m in Sources */,
				DA1373021411968500A1BFCC /* ServerViewController.m in Sources */,
				DAA66EBC141612C600C0287A /* ServerCell.m in Sources */,
				DA96DB921421FA6C00F0CE7E /* PLRestful.m in Sources */,
				DAEBA9581511127600EBB52A /* PLActionSheet.m in Sources */,
				DA4D8DF9174E65FE00E61232 /* JBKenBurnsView.m in Sources */,
				DA4D8DFF1750C5D800E61232 /* BackgroundViewController.m in Sources */,
				DA4D8E05175109E900E61232 /* SOEGame.m in Sources */,
				DA6D55B317522E0A0055EB92 /* AFHTTPClient.m in Sources */,
				DA6D55B417522E0A0055EB92 /* AFHTTPRequestOperation.m in Sources */,
				DA6D55B517522E0A0055EB92 /* AFImageRequestOperation.m in Sources */,
				DA6D55B617522E0A0055EB92 /* AFJSONRequestOperation.m in Sources */,
				DA6D55B717522E0A0055EB92 /* AFNetworkActivityIndicatorManager.m in Sources */,
				DA6D55B817522E0A0055EB92 /* AFPropertyListRequestOperation.m in Sources */,
				DA6D55B917522E0A0055EB92 /* AFURLConnectionOperation.m in Sources */,
				DA6D55BA17522E0A0055EB92 /* AFXMLRequestOperation.m in Sources */,
				DA6D55BB17522E0A0055EB92 /* UIImageView+AFNetworking.m in Sources */,
				DA6D55BE1752562D0055EB92 /* SOEHTTPClient.m in Sources */,
			);
			runOnlyForDeploymentPostprocessing = 0;
		};
/* End PBXSourcesBuildPhase section */

/* Begin PBXVariantGroup section */
		DA137251141116B800A1BFCC /* InfoPlist.strings */ = {
			isa = PBXVariantGroup;
			children = (
				DA137252141116B800A1BFCC /* en */,
			);
			name = InfoPlist.strings;
			sourceTree = "<group>";
		};
		DA13725A141116B800A1BFCC /* MainWindow.xib */ = {
			isa = PBXVariantGroup;
			children = (
				DA13725B141116B800A1BFCC /* en */,
			);
			name = MainWindow.xib;
			sourceTree = "<group>";
		};
		DA137260141116B800A1BFCC /* RootViewController.xib */ = {
			isa = PBXVariantGroup;
			children = (
				DA137261141116B800A1BFCC /* en */,
			);
			name = RootViewController.xib;
			sourceTree = "<group>";
		};
		DA137269141116CB00A1BFCC /* MainWindow-iPad.xib */ = {
			isa = PBXVariantGroup;
			children = (
				DA13726A141116CB00A1BFCC /* en */,
			);
			name = "MainWindow-iPad.xib";
			sourceTree = "<group>";
		};
/* End PBXVariantGroup section */

/* Begin XCBuildConfiguration section */
		DA137263141116B800A1BFCC /* Debug */ = {
			isa = XCBuildConfiguration;
			buildSettings = {
				ALWAYS_SEARCH_USER_PATHS = NO;
				ARCHS = "$(VALID_ARCHS)";
				"CODE_SIGN_IDENTITY[sdk=iphoneos*]" = "iPhone Developer";
				COPY_PHASE_STRIP = NO;
				GCC_C_LANGUAGE_STANDARD = gnu99;
				GCC_DYNAMIC_NO_PIC = NO;
				GCC_OPTIMIZATION_LEVEL = 0;
				GCC_PREPROCESSOR_DEFINITIONS = (
					"DEBUG=1",
					"$(inherited)",
				);
				GCC_SYMBOLS_PRIVATE_EXTERN = NO;
				GCC_THUMB_SUPPORT = NO;
				GCC_VERSION = com.apple.compilers.llvmgcc42;
				GCC_WARN_ABOUT_MISSING_PROTOTYPES = YES;
				GCC_WARN_ABOUT_RETURN_TYPE = YES;
				GCC_WARN_UNUSED_VARIABLE = YES;
				IPHONEOS_DEPLOYMENT_TARGET = 5.1;
				SDKROOT = iphoneos;
				VALID_ARCHS = "armv7 armv7s armv6";
			};
			name = Debug;
		};
		DA137264141116B800A1BFCC /* Release */ = {
			isa = XCBuildConfiguration;
			buildSettings = {
				ALWAYS_SEARCH_USER_PATHS = NO;
				ARCHS = "$(VALID_ARCHS)";
				"CODE_SIGN_IDENTITY[sdk=iphoneos*]" = "iPhone Distribution";
				COPY_PHASE_STRIP = YES;
				GCC_C_LANGUAGE_STANDARD = gnu99;
				GCC_THUMB_SUPPORT = NO;
				GCC_VERSION = com.apple.compilers.llvmgcc42;
				GCC_WARN_ABOUT_MISSING_PROTOTYPES = YES;
				GCC_WARN_ABOUT_RETURN_TYPE = YES;
				GCC_WARN_UNUSED_VARIABLE = YES;
				IPHONEOS_DEPLOYMENT_TARGET = 5.1;
				OTHER_CFLAGS = "-DNS_BLOCK_ASSERTIONS=1";
				"PROVISIONING_PROFILE[sdk=iphoneos*]" = "";
				SDKROOT = iphoneos;
				VALIDATE_PRODUCT = YES;
				VALID_ARCHS = "armv7 armv7s armv6";
			};
			name = Release;
		};
		DA137266141116B800A1BFCC /* Debug */ = {
			isa = XCBuildConfiguration;
			buildSettings = {
				CLANG_ENABLE_OBJC_ARC = YES;
				GCC_PRECOMPILE_PREFIX_HEADER = YES;
				GCC_PREFIX_HEADER = "SOEStatus/SOEStatus-Prefix.pch";
				GCC_THUMB_SUPPORT = NO;
				GCC_VERSION = com.apple.compilers.llvm.clang.1_0;
				INFOPLIST_FILE = "SOEStatus/SOEStatus-Info.plist";
				IPHONEOS_DEPLOYMENT_TARGET = 6.0;
				PRODUCT_NAME = "$(TARGET_NAME)";
				TARGETED_DEVICE_FAMILY = "1,2";
				WRAPPER_EXTENSION = app;
			};
			name = Debug;
		};
		DA137267141116B800A1BFCC /* Release */ = {
			isa = XCBuildConfiguration;
			buildSettings = {
				CLANG_ENABLE_OBJC_ARC = YES;
				GCC_PRECOMPILE_PREFIX_HEADER = YES;
				GCC_PREFIX_HEADER = "SOEStatus/SOEStatus-Prefix.pch";
				GCC_THUMB_SUPPORT = NO;
				GCC_VERSION = com.apple.compilers.llvm.clang.1_0;
				INFOPLIST_FILE = "SOEStatus/SOEStatus-Info.plist";
				IPHONEOS_DEPLOYMENT_TARGET = 6.0;
				PRODUCT_NAME = "$(TARGET_NAME)";
				TARGETED_DEVICE_FAMILY = "1,2";
				WRAPPER_EXTENSION = app;
			};
			name = Release;
		};
/* End XCBuildConfiguration section */

/* Begin XCConfigurationList section */
		DA13723E141116B800A1BFCC /* Build configuration list for PBXProject "SOEStatus" */ = {
			isa = XCConfigurationList;
			buildConfigurations = (
				DA137263141116B800A1BFCC /* Debug */,
				DA137264141116B800A1BFCC /* Release */,
			);
			defaultConfigurationIsVisible = 0;
			defaultConfigurationName = Release;
		};
		DA137265141116B800A1BFCC /* Build configuration list for PBXNativeTarget "SOEStatus" */ = {
			isa = XCConfigurationList;
			buildConfigurations = (
				DA137266141116B800A1BFCC /* Debug */,
				DA137267141116B800A1BFCC /* Release */,
			);
			defaultConfigurationIsVisible = 0;
			defaultConfigurationName = Release;
		};
/* End XCConfigurationList section */
	};
	rootObject = DA13723B141116B800A1BFCC /* Project object */;
}
