// !$*UTF8*$!
{
	archiveVersion = 1;
	classes = {
	};
	objectVersion = 48;
	objects = {

/* Begin PBXBuildFile section */
		6E37A7FE1CCFFC3000C34CC9 /* Images.xcassets in Resources */ = {isa = PBXBuildFile; fileRef = 6E37A7FD1CCFFC3000C34CC9 /* Images.xcassets */; };
		DA0456761CC7969D00193548 /* SplitViewWindow.xib in Resources */ = {isa = PBXBuildFile; fileRef = DA0456751CC7969D00193548 /* SplitViewWindow.xib */; };
		DA137249141116B800A1BFCC /* UIKit.framework in Frameworks */ = {isa = PBXBuildFile; fileRef = DA137248141116B800A1BFCC /* UIKit.framework */; };
		DA13724B141116B800A1BFCC /* Foundation.framework in Frameworks */ = {isa = PBXBuildFile; fileRef = DA13724A141116B800A1BFCC /* Foundation.framework */; };
		DA13724D141116B800A1BFCC /* CoreGraphics.framework in Frameworks */ = {isa = PBXBuildFile; fileRef = DA13724C141116B800A1BFCC /* CoreGraphics.framework */; };
		DA137253141116B800A1BFCC /* InfoPlist.strings in Resources */ = {isa = PBXBuildFile; fileRef = DA137251141116B800A1BFCC /* InfoPlist.strings */; };
		DA137255141116B800A1BFCC /* main.m in Sources */ = {isa = PBXBuildFile; fileRef = DA137254141116B800A1BFCC /* main.m */; };
		DA137259141116B800A1BFCC /* SOEStatusAppDelegate.m in Sources */ = {isa = PBXBuildFile; fileRef = DA137258141116B800A1BFCC /* SOEStatusAppDelegate.m */; };
		DA13725C141116B800A1BFCC /* MainWindow.xib in Resources */ = {isa = PBXBuildFile; fileRef = DA13725A141116B800A1BFCC /* MainWindow.xib */; };
		DA13725F141116B800A1BFCC /* RootViewController.m in Sources */ = {isa = PBXBuildFile; fileRef = DA13725E141116B800A1BFCC /* RootViewController.m */; };
		DA137262141116B800A1BFCC /* RootViewController.xib in Resources */ = {isa = PBXBuildFile; fileRef = DA137260141116B800A1BFCC /* RootViewController.xib */; };
		DA13729C141117B100A1BFCC /* PRPAlertView.m in Sources */ = {isa = PBXBuildFile; fileRef = DA13727B141117B100A1BFCC /* PRPAlertView.m */; };
		DA13729D141117B100A1BFCC /* PRPConnection.m in Sources */ = {isa = PBXBuildFile; fileRef = DA13727D141117B100A1BFCC /* PRPConnection.m */; };
		DA1372A9141117B100A1BFCC /* UIApplication+PRPNetworkActivity.m in Sources */ = {isa = PBXBuildFile; fileRef = DA137295141117B100A1BFCC /* UIApplication+PRPNetworkActivity.m */; };
		DA1372B11411187B00A1BFCC /* MobileCoreServices.framework in Frameworks */ = {isa = PBXBuildFile; fileRef = DA1372AF1411187B00A1BFCC /* MobileCoreServices.framework */; };
		DA1372B21411187B00A1BFCC /* SystemConfiguration.framework in Frameworks */ = {isa = PBXBuildFile; fileRef = DA1372B01411187B00A1BFCC /* SystemConfiguration.framework */; };
		DA1372BA141118D000A1BFCC /* MessageUI.framework in Frameworks */ = {isa = PBXBuildFile; fileRef = DA1372B7141118D000A1BFCC /* MessageUI.framework */; };
		DA1372BB141118D000A1BFCC /* QuartzCore.framework in Frameworks */ = {isa = PBXBuildFile; fileRef = DA1372B8141118D000A1BFCC /* QuartzCore.framework */; };
		DA1372BC141118D000A1BFCC /* Security.framework in Frameworks */ = {isa = PBXBuildFile; fileRef = DA1372B9141118D000A1BFCC /* Security.framework */; };
		DA1372C6141119BF00A1BFCC /* PRPNibBasedTableViewCell.m in Sources */ = {isa = PBXBuildFile; fileRef = DA1372BE141119BF00A1BFCC /* PRPNibBasedTableViewCell.m */; };
		DA1372C7141119BF00A1BFCC /* PRPSmartTableViewCell.m in Sources */ = {isa = PBXBuildFile; fileRef = DA1372C0141119BF00A1BFCC /* PRPSmartTableViewCell.m */; };
		DA1372C8141119BF00A1BFCC /* PRPWebViewController.m in Sources */ = {isa = PBXBuildFile; fileRef = DA1372C2141119BF00A1BFCC /* PRPWebViewController.m */; };
		DA1372C9141119BF00A1BFCC /* UITableView+PRPSubviewAdditions.m in Sources */ = {isa = PBXBuildFile; fileRef = DA1372C5141119BF00A1BFCC /* UITableView+PRPSubviewAdditions.m */; };
		DA1372E914111AAA00A1BFCC /* SOEStatusAPI.m in Sources */ = {isa = PBXBuildFile; fileRef = DA1372E814111AAA00A1BFCC /* SOEStatusAPI.m */; };
		DA1372F0141136BE00A1BFCC /* CFNetwork.framework in Frameworks */ = {isa = PBXBuildFile; fileRef = DA1372EF141136BD00A1BFCC /* CFNetwork.framework */; };
		DA1372F714113B6200A1BFCC /* games.plist in Resources */ = {isa = PBXBuildFile; fileRef = DA1372F614113B6200A1BFCC /* games.plist */; };
		DA1372FE1411935E00A1BFCC /* MoveArray.m in Sources */ = {isa = PBXBuildFile; fileRef = DA1372FD1411935D00A1BFCC /* MoveArray.m */; };
		DA1373021411968500A1BFCC /* ServerViewController.m in Sources */ = {isa = PBXBuildFile; fileRef = DA1373001411968400A1BFCC /* ServerViewController.m */; };
		DA1373031411968500A1BFCC /* ServerViewController.xib in Resources */ = {isa = PBXBuildFile; fileRef = DA1373011411968400A1BFCC /* ServerViewController.xib */; };
		DA137306141205C500A1BFCC /* medium_icon.png in Resources */ = {isa = PBXBuildFile; fileRef = DA137305141205C500A1BFCC /* medium_icon.png */; };
		DA137308141205CC00A1BFCC /* high_icon.png in Resources */ = {isa = PBXBuildFile; fileRef = DA137307141205CC00A1BFCC /* high_icon.png */; };
		DA13730A141205D300A1BFCC /* low_icon.png in Resources */ = {isa = PBXBuildFile; fileRef = DA137309141205D300A1BFCC /* low_icon.png */; };
		DA13730C141205DA00A1BFCC /* up_icon.png in Resources */ = {isa = PBXBuildFile; fileRef = DA13730B141205DA00A1BFCC /* up_icon.png */; };
		DA13730E141205E200A1BFCC /* missing_icon.png in Resources */ = {isa = PBXBuildFile; fileRef = DA13730D141205E200A1BFCC /* missing_icon.png */; };
		DA137310141205EA00A1BFCC /* lock_icon.png in Resources */ = {isa = PBXBuildFile; fileRef = DA13730F141205EA00A1BFCC /* lock_icon.png */; };
		DA137312141205F200A1BFCC /* down_icon.png in Resources */ = {isa = PBXBuildFile; fileRef = DA137311141205F200A1BFCC /* down_icon.png */; };
		DA227D5F177DBB8700FE8B5E /* statusMessages.plist in Resources */ = {isa = PBXBuildFile; fileRef = DA227D5E177DBB8700FE8B5E /* statusMessages.plist */; };
		DA22F1901F37900100732683 /* PhotoSearch.m in Sources */ = {isa = PBXBuildFile; fileRef = DA22F18F1F37900100732683 /* PhotoSearch.m */; };
		DA26A5A017E49D83005F4C94 /* Server_120.png in Resources */ = {isa = PBXBuildFile; fileRef = DA26A59F17E49D83005F4C94 /* Server_120.png */; };
		DA3908CB16B9D4F300FE7286 /* Social.framework in Frameworks */ = {isa = PBXBuildFile; fileRef = DA3908CA16B9D4F300FE7286 /* Social.framework */; settings = {ATTRIBUTES = (Weak, ); }; };
		DA4D8DF9174E65FE00E61232 /* JBKenBurnsView.m in Sources */ = {isa = PBXBuildFile; fileRef = DA4D8DF8174E65FE00E61232 /* JBKenBurnsView.m */; };
		DA4D8DFF1750C5D800E61232 /* BackgroundViewController.m in Sources */ = {isa = PBXBuildFile; fileRef = DA4D8DFE1750C5D800E61232 /* BackgroundViewController.m */; };
		DA4D8E05175109E900E61232 /* SOEGame.m in Sources */ = {isa = PBXBuildFile; fileRef = DA4D8E04175109E900E61232 /* SOEGame.m */; };
		DA60941317E4C274001EE311 /* Server_152.png in Resources */ = {isa = PBXBuildFile; fileRef = DA60941217E4C274001EE311 /* Server_152.png */; };
		DA60941517E4C281001EE311 /* Server_76.png in Resources */ = {isa = PBXBuildFile; fileRef = DA60941417E4C281001EE311 /* Server_76.png */; };
		DA7129E51AD537BD0009EA04 /* MainWindow-iPad.xib in Resources */ = {isa = PBXBuildFile; fileRef = DA7129E41AD537BD0009EA04 /* MainWindow-iPad.xib */; };
		DA7889301611EE7C00A426F6 /* Server_144.png in Resources */ = {isa = PBXBuildFile; fileRef = DA78892E1611EE7B00A426F6 /* Server_144.png */; };
		DA96DB921421FA6C00F0CE7E /* PLRestful.m in Sources */ = {isa = PBXBuildFile; fileRef = DA96DB911421FA6C00F0CE7E /* PLRestful.m */; };
		DAA66EBC141612C600C0287A /* ServerCell.m in Sources */ = {isa = PBXBuildFile; fileRef = DAA66EBB141612C600C0287A /* ServerCell.m */; };
		DAA66EBF141612E500C0287A /* ServerCell.xib in Resources */ = {isa = PBXBuildFile; fileRef = DAA66EBE141612E500C0287A /* ServerCell.xib */; };
		DAA66ED21416BF7500C0287A /* Server_57.png in Resources */ = {isa = PBXBuildFile; fileRef = DAA66ED11416BF7500C0287A /* Server_57.png */; };
		DAA66ED41416BF7C00C0287A /* Server_114.png in Resources */ = {isa = PBXBuildFile; fileRef = DAA66ED31416BF7C00C0287A /* Server_114.png */; };
		DAA66ED81416C00B00C0287A /* Server_72.png in Resources */ = {isa = PBXBuildFile; fileRef = DAA66ED71416C00B00C0287A /* Server_72.png */; };
		DAB132B214410229006426E0 /* libz.dylib in Frameworks */ = {isa = PBXBuildFile; fileRef = DAB132B114410229006426E0 /* libz.dylib */; };
		DAB2E099179061440000209D /* PLFeedback.m in Sources */ = {isa = PBXBuildFile; fileRef = DAB2E098179061440000209D /* PLFeedback.m */; };
		DAB2E09B179061560000209D /* PLFeedback_settings.json in Resources */ = {isa = PBXBuildFile; fileRef = DAB2E09A179061560000209D /* PLFeedback_settings.json */; };
		DABABDB2177743660091AE0E /* Reachability.m in Sources */ = {isa = PBXBuildFile; fileRef = DABABDB0177743660091AE0E /* Reachability.m */; };
		DABABDB5177743950091AE0E /* PLCategories.m in Sources */ = {isa = PBXBuildFile; fileRef = DABABDB4177743950091AE0E /* PLCategories.m */; };
		DABF25CF1959A3F40032F056 /* ChartController.m in Sources */ = {isa = PBXBuildFile; fileRef = DABF25CD1959A3F40032F056 /* ChartController.m */; };
		DABF25D01959A3F40032F056 /* ChartController.xib in Resources */ = {isa = PBXBuildFile; fileRef = DABF25CE1959A3F40032F056 /* ChartController.xib */; };
		DABF25D5195B77C70032F056 /* HTML in Resources */ = {isa = PBXBuildFile; fileRef = DABF25D4195B77C70032F056 /* HTML */; };
		DAC1C0261A2F770A0092036C /* WatchServer.m in Sources */ = {isa = PBXBuildFile; fileRef = DAC1C0251A2F770A0092036C /* WatchServer.m */; };
		DAC1C0291A30B4700092036C /* SOEServer.m in Sources */ = {isa = PBXBuildFile; fileRef = DAC1C0281A30B4700092036C /* SOEServer.m */; };
		DAE250D91A34B0630077BC9C /* tick.png in Resources */ = {isa = PBXBuildFile; fileRef = DAE250D81A34B0630077BC9C /* tick.png */; };
		DAE32F021CCE6A9500B477A6 /* BackgroundViewController.xib in Resources */ = {isa = PBXBuildFile; fileRef = DAE32F011CCE6A9500B477A6 /* BackgroundViewController.xib */; };
		DAEBA9581511127600EBB52A /* PLActionSheet.m in Sources */ = {isa = PBXBuildFile; fileRef = DAEBA9571511127600EBB52A /* PLActionSheet.m */; };
		DAEBA95A1511132600EBB52A /* Twitter.framework in Frameworks */ = {isa = PBXBuildFile; fileRef = DAEBA9591511132600EBB52A /* Twitter.framework */; };
/* End PBXBuildFile section */

/* Begin PBXFileReference section */
		6E37A7FD1CCFFC3000C34CC9 /* Images.xcassets */ = {isa = PBXFileReference; lastKnownFileType = folder.assetcatalog; name = Images.xcassets; path = "Daybreak Status/Images.xcassets"; sourceTree = "<group>"; };
		DA0456751CC7969D00193548 /* SplitViewWindow.xib */ = {isa = PBXFileReference; fileEncoding = 4; lastKnownFileType = file.xib; path = SplitViewWindow.xib; sourceTree = "<group>"; };
		DA137244141116B800A1BFCC /* Daybreak Status.app */ = {isa = PBXFileReference; explicitFileType = wrapper.application; includeInIndex = 0; path = "Daybreak Status.app"; sourceTree = BUILT_PRODUCTS_DIR; };
		DA137248141116B800A1BFCC /* UIKit.framework */ = {isa = PBXFileReference; lastKnownFileType = wrapper.framework; name = UIKit.framework; path = System/Library/Frameworks/UIKit.framework; sourceTree = SDKROOT; };
		DA13724A141116B800A1BFCC /* Foundation.framework */ = {isa = PBXFileReference; lastKnownFileType = wrapper.framework; name = Foundation.framework; path = System/Library/Frameworks/Foundation.framework; sourceTree = SDKROOT; };
		DA13724C141116B800A1BFCC /* CoreGraphics.framework */ = {isa = PBXFileReference; lastKnownFileType = wrapper.framework; name = CoreGraphics.framework; path = System/Library/Frameworks/CoreGraphics.framework; sourceTree = SDKROOT; };
		DA137250141116B800A1BFCC /* SOEStatus-Info.plist */ = {isa = PBXFileReference; lastKnownFileType = text.plist.xml; path = "SOEStatus-Info.plist"; sourceTree = "<group>"; };
		DA137252141116B800A1BFCC /* en */ = {isa = PBXFileReference; lastKnownFileType = text.plist.strings; name = en; path = en.lproj/InfoPlist.strings; sourceTree = "<group>"; };
		DA137254141116B800A1BFCC /* main.m */ = {isa = PBXFileReference; lastKnownFileType = sourcecode.c.objc; path = main.m; sourceTree = "<group>"; };
		DA137256141116B800A1BFCC /* SOEStatus-Prefix.pch */ = {isa = PBXFileReference; lastKnownFileType = sourcecode.c.h; path = "SOEStatus-Prefix.pch"; sourceTree = "<group>"; };
		DA137257141116B800A1BFCC /* SOEStatusAppDelegate.h */ = {isa = PBXFileReference; lastKnownFileType = sourcecode.c.h; path = SOEStatusAppDelegate.h; sourceTree = "<group>"; };
		DA137258141116B800A1BFCC /* SOEStatusAppDelegate.m */ = {isa = PBXFileReference; lastKnownFileType = sourcecode.c.objc; path = SOEStatusAppDelegate.m; sourceTree = "<group>"; };
		DA13725B141116B800A1BFCC /* en */ = {isa = PBXFileReference; lastKnownFileType = file.xib; name = en; path = en.lproj/MainWindow.xib; sourceTree = "<group>"; };
		DA13725D141116B800A1BFCC /* RootViewController.h */ = {isa = PBXFileReference; lastKnownFileType = sourcecode.c.h; path = RootViewController.h; sourceTree = "<group>"; };
		DA13725E141116B800A1BFCC /* RootViewController.m */ = {isa = PBXFileReference; lastKnownFileType = sourcecode.c.objc; path = RootViewController.m; sourceTree = "<group>"; };
		DA137261141116B800A1BFCC /* en */ = {isa = PBXFileReference; lastKnownFileType = file.xib; name = en; path = en.lproj/RootViewController.xib; sourceTree = "<group>"; };
		DA13727A141117B100A1BFCC /* PRPAlertView.h */ = {isa = PBXFileReference; fileEncoding = 4; lastKnownFileType = sourcecode.c.h; path = PRPAlertView.h; sourceTree = "<group>"; };
		DA13727B141117B100A1BFCC /* PRPAlertView.m */ = {isa = PBXFileReference; fileEncoding = 4; lastKnownFileType = sourcecode.c.objc; path = PRPAlertView.m; sourceTree = "<group>"; };
		DA13727C141117B100A1BFCC /* PRPConnection.h */ = {isa = PBXFileReference; fileEncoding = 4; lastKnownFileType = sourcecode.c.h; path = PRPConnection.h; sourceTree = "<group>"; };
		DA13727D141117B100A1BFCC /* PRPConnection.m */ = {isa = PBXFileReference; fileEncoding = 4; lastKnownFileType = sourcecode.c.objc; path = PRPConnection.m; sourceTree = "<group>"; };
		DA137294141117B100A1BFCC /* UIApplication+PRPNetworkActivity.h */ = {isa = PBXFileReference; fileEncoding = 4; lastKnownFileType = sourcecode.c.h; path = "UIApplication+PRPNetworkActivity.h"; sourceTree = "<group>"; };
		DA137295141117B100A1BFCC /* UIApplication+PRPNetworkActivity.m */ = {isa = PBXFileReference; fileEncoding = 4; lastKnownFileType = sourcecode.c.objc; path = "UIApplication+PRPNetworkActivity.m"; sourceTree = "<group>"; };
		DA1372AF1411187B00A1BFCC /* MobileCoreServices.framework */ = {isa = PBXFileReference; lastKnownFileType = wrapper.framework; name = MobileCoreServices.framework; path = System/Library/Frameworks/MobileCoreServices.framework; sourceTree = SDKROOT; };
		DA1372B01411187B00A1BFCC /* SystemConfiguration.framework */ = {isa = PBXFileReference; lastKnownFileType = wrapper.framework; name = SystemConfiguration.framework; path = System/Library/Frameworks/SystemConfiguration.framework; sourceTree = SDKROOT; };
		DA1372B7141118D000A1BFCC /* MessageUI.framework */ = {isa = PBXFileReference; lastKnownFileType = wrapper.framework; name = MessageUI.framework; path = System/Library/Frameworks/MessageUI.framework; sourceTree = SDKROOT; };
		DA1372B8141118D000A1BFCC /* QuartzCore.framework */ = {isa = PBXFileReference; lastKnownFileType = wrapper.framework; name = QuartzCore.framework; path = System/Library/Frameworks/QuartzCore.framework; sourceTree = SDKROOT; };
		DA1372B9141118D000A1BFCC /* Security.framework */ = {isa = PBXFileReference; lastKnownFileType = wrapper.framework; name = Security.framework; path = System/Library/Frameworks/Security.framework; sourceTree = SDKROOT; };
		DA1372BD141119BF00A1BFCC /* PRPNibBasedTableViewCell.h */ = {isa = PBXFileReference; fileEncoding = 4; lastKnownFileType = sourcecode.c.h; path = PRPNibBasedTableViewCell.h; sourceTree = "<group>"; };
		DA1372BE141119BF00A1BFCC /* PRPNibBasedTableViewCell.m */ = {isa = PBXFileReference; fileEncoding = 4; lastKnownFileType = sourcecode.c.objc; path = PRPNibBasedTableViewCell.m; sourceTree = "<group>"; };
		DA1372BF141119BF00A1BFCC /* PRPSmartTableViewCell.h */ = {isa = PBXFileReference; fileEncoding = 4; lastKnownFileType = sourcecode.c.h; path = PRPSmartTableViewCell.h; sourceTree = "<group>"; };
		DA1372C0141119BF00A1BFCC /* PRPSmartTableViewCell.m */ = {isa = PBXFileReference; fileEncoding = 4; lastKnownFileType = sourcecode.c.objc; path = PRPSmartTableViewCell.m; sourceTree = "<group>"; };
		DA1372C1141119BF00A1BFCC /* PRPWebViewController.h */ = {isa = PBXFileReference; fileEncoding = 4; lastKnownFileType = sourcecode.c.h; path = PRPWebViewController.h; sourceTree = "<group>"; };
		DA1372C2141119BF00A1BFCC /* PRPWebViewController.m */ = {isa = PBXFileReference; fileEncoding = 4; lastKnownFileType = sourcecode.c.objc; path = PRPWebViewController.m; sourceTree = "<group>"; };
		DA1372C3141119BF00A1BFCC /* PRPWebViewControllerDelegate.h */ = {isa = PBXFileReference; fileEncoding = 4; lastKnownFileType = sourcecode.c.h; path = PRPWebViewControllerDelegate.h; sourceTree = "<group>"; };
		DA1372C4141119BF00A1BFCC /* UITableView+PRPSubviewAdditions.h */ = {isa = PBXFileReference; fileEncoding = 4; lastKnownFileType = sourcecode.c.h; path = "UITableView+PRPSubviewAdditions.h"; sourceTree = "<group>"; };
		DA1372C5141119BF00A1BFCC /* UITableView+PRPSubviewAdditions.m */ = {isa = PBXFileReference; fileEncoding = 4; lastKnownFileType = sourcecode.c.objc; path = "UITableView+PRPSubviewAdditions.m"; sourceTree = "<group>"; };
		DA1372E714111AAA00A1BFCC /* SOEStatusAPI.h */ = {isa = PBXFileReference; fileEncoding = 4; lastKnownFileType = sourcecode.c.h; path = SOEStatusAPI.h; sourceTree = "<group>"; };
		DA1372E814111AAA00A1BFCC /* SOEStatusAPI.m */ = {isa = PBXFileReference; fileEncoding = 4; lastKnownFileType = sourcecode.c.objc; path = SOEStatusAPI.m; sourceTree = "<group>"; };
		DA1372EF141136BD00A1BFCC /* CFNetwork.framework */ = {isa = PBXFileReference; lastKnownFileType = wrapper.framework; name = CFNetwork.framework; path = System/Library/Frameworks/CFNetwork.framework; sourceTree = SDKROOT; };
		DA1372F614113B6200A1BFCC /* games.plist */ = {isa = PBXFileReference; lastKnownFileType = text.plist; path = games.plist; sourceTree = "<group>"; };
		DA1372FC1411935D00A1BFCC /* MoveArray.h */ = {isa = PBXFileReference; fileEncoding = 4; lastKnownFileType = sourcecode.c.h; path = MoveArray.h; sourceTree = "<group>"; };
		DA1372FD1411935D00A1BFCC /* MoveArray.m */ = {isa = PBXFileReference; fileEncoding = 4; lastKnownFileType = sourcecode.c.objc; path = MoveArray.m; sourceTree = "<group>"; };
		DA1372FF1411968400A1BFCC /* ServerViewController.h */ = {isa = PBXFileReference; fileEncoding = 4; lastKnownFileType = sourcecode.c.h; path = ServerViewController.h; sourceTree = "<group>"; };
		DA1373001411968400A1BFCC /* ServerViewController.m */ = {isa = PBXFileReference; fileEncoding = 4; lastKnownFileType = sourcecode.c.objc; path = ServerViewController.m; sourceTree = "<group>"; };
		DA1373011411968400A1BFCC /* ServerViewController.xib */ = {isa = PBXFileReference; fileEncoding = 4; lastKnownFileType = file.xib; path = ServerViewController.xib; sourceTree = "<group>"; };
		DA137305141205C500A1BFCC /* medium_icon.png */ = {isa = PBXFileReference; lastKnownFileType = image.png; path = medium_icon.png; sourceTree = "<group>"; };
		DA137307141205CC00A1BFCC /* high_icon.png */ = {isa = PBXFileReference; lastKnownFileType = image.png; path = high_icon.png; sourceTree = "<group>"; };
		DA137309141205D300A1BFCC /* low_icon.png */ = {isa = PBXFileReference; lastKnownFileType = image.png; path = low_icon.png; sourceTree = "<group>"; };
		DA13730B141205DA00A1BFCC /* up_icon.png */ = {isa = PBXFileReference; lastKnownFileType = image.png; path = up_icon.png; sourceTree = "<group>"; };
		DA13730D141205E200A1BFCC /* missing_icon.png */ = {isa = PBXFileReference; lastKnownFileType = image.png; path = missing_icon.png; sourceTree = "<group>"; };
		DA13730F141205EA00A1BFCC /* lock_icon.png */ = {isa = PBXFileReference; lastKnownFileType = image.png; path = lock_icon.png; sourceTree = "<group>"; };
		DA137311141205F200A1BFCC /* down_icon.png */ = {isa = PBXFileReference; lastKnownFileType = image.png; path = down_icon.png; sourceTree = "<group>"; };
		DA1D544B1442F44E006E652A /* README.md */ = {isa = PBXFileReference; fileEncoding = 4; lastKnownFileType = text; path = README.md; sourceTree = "<group>"; };
		DA227D5E177DBB8700FE8B5E /* statusMessages.plist */ = {isa = PBXFileReference; lastKnownFileType = text.plist; path = statusMessages.plist; sourceTree = "<group>"; };
		DA22F18E1F37900100732683 /* PhotoSearch.h */ = {isa = PBXFileReference; fileEncoding = 4; lastKnownFileType = sourcecode.c.h; path = PhotoSearch.h; sourceTree = "<group>"; };
		DA22F18F1F37900100732683 /* PhotoSearch.m */ = {isa = PBXFileReference; fileEncoding = 4; lastKnownFileType = sourcecode.c.objc; path = PhotoSearch.m; sourceTree = "<group>"; };
		DA26A59F17E49D83005F4C94 /* Server_120.png */ = {isa = PBXFileReference; lastKnownFileType = image.png; name = Server_120.png; path = ../Server_120.png; sourceTree = "<group>"; };
		DA29B9A51F3B8E3400EDCC76 /* ImgurAPIKey.h */ = {isa = PBXFileReference; lastKnownFileType = sourcecode.c.h; path = ImgurAPIKey.h; sourceTree = "<group>"; };
		DA3908CA16B9D4F300FE7286 /* Social.framework */ = {isa = PBXFileReference; lastKnownFileType = wrapper.framework; name = Social.framework; path = System/Library/Frameworks/Social.framework; sourceTree = SDKROOT; };
		DA4D8DF7174E65FE00E61232 /* JBKenBurnsView.h */ = {isa = PBXFileReference; fileEncoding = 4; lastKnownFileType = sourcecode.c.h; path = JBKenBurnsView.h; sourceTree = "<group>"; };
		DA4D8DF8174E65FE00E61232 /* JBKenBurnsView.m */ = {isa = PBXFileReference; fileEncoding = 4; lastKnownFileType = sourcecode.c.objc; path = JBKenBurnsView.m; sourceTree = "<group>"; };
		DA4D8DFD1750C5D800E61232 /* BackgroundViewController.h */ = {isa = PBXFileReference; fileEncoding = 4; lastKnownFileType = sourcecode.c.h; path = BackgroundViewController.h; sourceTree = "<group>"; };
		DA4D8DFE1750C5D800E61232 /* BackgroundViewController.m */ = {isa = PBXFileReference; fileEncoding = 4; lastKnownFileType = sourcecode.c.objc; path = BackgroundViewController.m; sourceTree = "<group>"; };
		DA4D8E001750C91B00E61232 /* FlickrAPIKey.h */ = {isa = PBXFileReference; lastKnownFileType = sourcecode.c.h; path = FlickrAPIKey.h; sourceTree = "<group>"; };
		DA4D8E03175109E800E61232 /* SOEGame.h */ = {isa = PBXFileReference; fileEncoding = 4; lastKnownFileType = sourcecode.c.h; path = SOEGame.h; sourceTree = "<group>"; };
		DA4D8E04175109E900E61232 /* SOEGame.m */ = {isa = PBXFileReference; fileEncoding = 4; lastKnownFileType = sourcecode.c.objc; path = SOEGame.m; sourceTree = "<group>"; };
		DA60941217E4C274001EE311 /* Server_152.png */ = {isa = PBXFileReference; lastKnownFileType = image.png; path = Server_152.png; sourceTree = "<group>"; };
		DA60941417E4C281001EE311 /* Server_76.png */ = {isa = PBXFileReference; lastKnownFileType = image.png; path = Server_76.png; sourceTree = "<group>"; };
		DA7129E41AD537BD0009EA04 /* MainWindow-iPad.xib */ = {isa = PBXFileReference; fileEncoding = 4; lastKnownFileType = file.xib; path = "MainWindow-iPad.xib"; sourceTree = "<group>"; };
		DA78892E1611EE7B00A426F6 /* Server_144.png */ = {isa = PBXFileReference; lastKnownFileType = image.png; path = Server_144.png; sourceTree = SOURCE_ROOT; };
		DA96DB901421FA6C00F0CE7E /* PLRestful.h */ = {isa = PBXFileReference; fileEncoding = 4; lastKnownFileType = sourcecode.c.h; path = PLRestful.h; sourceTree = "<group>"; };
		DA96DB911421FA6C00F0CE7E /* PLRestful.m */ = {isa = PBXFileReference; fileEncoding = 4; lastKnownFileType = sourcecode.c.objc; path = PLRestful.m; sourceTree = "<group>"; };
		DAA66EBA141612C500C0287A /* ServerCell.h */ = {isa = PBXFileReference; fileEncoding = 4; lastKnownFileType = sourcecode.c.h; path = ServerCell.h; sourceTree = "<group>"; };
		DAA66EBB141612C600C0287A /* ServerCell.m */ = {isa = PBXFileReference; fileEncoding = 4; lastKnownFileType = sourcecode.c.objc; path = ServerCell.m; sourceTree = "<group>"; };
		DAA66EBE141612E500C0287A /* ServerCell.xib */ = {isa = PBXFileReference; fileEncoding = 4; lastKnownFileType = file.xib; path = ServerCell.xib; sourceTree = "<group>"; };
		DAA66ED11416BF7500C0287A /* Server_57.png */ = {isa = PBXFileReference; lastKnownFileType = image.png; name = Server_57.png; path = ../Server_57.png; sourceTree = "<group>"; };
		DAA66ED31416BF7C00C0287A /* Server_114.png */ = {isa = PBXFileReference; lastKnownFileType = image.png; name = Server_114.png; path = ../Server_114.png; sourceTree = "<group>"; };
		DAA66ED71416C00B00C0287A /* Server_72.png */ = {isa = PBXFileReference; lastKnownFileType = image.png; name = Server_72.png; path = ../Server_72.png; sourceTree = "<group>"; };
		DAB132B114410229006426E0 /* libz.dylib */ = {isa = PBXFileReference; lastKnownFileType = "compiled.mach-o.dylib"; name = libz.dylib; path = usr/lib/libz.dylib; sourceTree = SDKROOT; };
		DAB2E097179061440000209D /* PLFeedback.h */ = {isa = PBXFileReference; fileEncoding = 4; lastKnownFileType = sourcecode.c.h; path = PLFeedback.h; sourceTree = "<group>"; };
		DAB2E098179061440000209D /* PLFeedback.m */ = {isa = PBXFileReference; fileEncoding = 4; lastKnownFileType = sourcecode.c.objc; path = PLFeedback.m; sourceTree = "<group>"; };
		DAB2E09A179061560000209D /* PLFeedback_settings.json */ = {isa = PBXFileReference; fileEncoding = 4; lastKnownFileType = text.json; path = PLFeedback_settings.json; sourceTree = "<group>"; };
		DABABDAF177743660091AE0E /* Reachability.h */ = {isa = PBXFileReference; fileEncoding = 4; lastKnownFileType = sourcecode.c.h; path = Reachability.h; sourceTree = "<group>"; };
		DABABDB0177743660091AE0E /* Reachability.m */ = {isa = PBXFileReference; fileEncoding = 4; lastKnownFileType = sourcecode.c.objc; path = Reachability.m; sourceTree = "<group>"; };
		DABABDB3177743950091AE0E /* PLCategories.h */ = {isa = PBXFileReference; fileEncoding = 4; lastKnownFileType = sourcecode.c.h; path = PLCategories.h; sourceTree = "<group>"; };
		DABABDB4177743950091AE0E /* PLCategories.m */ = {isa = PBXFileReference; fileEncoding = 4; lastKnownFileType = sourcecode.c.objc; path = PLCategories.m; sourceTree = "<group>"; };
		DABF25CC1959A3F40032F056 /* ChartController.h */ = {isa = PBXFileReference; fileEncoding = 4; lastKnownFileType = sourcecode.c.h; path = ChartController.h; sourceTree = "<group>"; };
		DABF25CD1959A3F40032F056 /* ChartController.m */ = {isa = PBXFileReference; fileEncoding = 4; lastKnownFileType = sourcecode.c.objc; path = ChartController.m; sourceTree = "<group>"; };
		DABF25CE1959A3F40032F056 /* ChartController.xib */ = {isa = PBXFileReference; fileEncoding = 4; lastKnownFileType = file.xib; path = ChartController.xib; sourceTree = "<group>"; };
		DABF25D4195B77C70032F056 /* HTML */ = {isa = PBXFileReference; lastKnownFileType = folder; path = HTML; sourceTree = "<group>"; };
		DAC1C0241A2F770A0092036C /* WatchServer.h */ = {isa = PBXFileReference; fileEncoding = 4; lastKnownFileType = sourcecode.c.h; path = WatchServer.h; sourceTree = "<group>"; };
		DAC1C0251A2F770A0092036C /* WatchServer.m */ = {isa = PBXFileReference; fileEncoding = 4; lastKnownFileType = sourcecode.c.objc; path = WatchServer.m; sourceTree = "<group>"; };
		DAC1C0271A30B4700092036C /* SOEServer.h */ = {isa = PBXFileReference; fileEncoding = 4; lastKnownFileType = sourcecode.c.h; path = SOEServer.h; sourceTree = "<group>"; };
		DAC1C0281A30B4700092036C /* SOEServer.m */ = {isa = PBXFileReference; fileEncoding = 4; lastKnownFileType = sourcecode.c.objc; path = SOEServer.m; sourceTree = "<group>"; };
		DAE250D81A34B0630077BC9C /* tick.png */ = {isa = PBXFileReference; lastKnownFileType = image.png; path = tick.png; sourceTree = "<group>"; };
		DAE32F011CCE6A9500B477A6 /* BackgroundViewController.xib */ = {isa = PBXFileReference; fileEncoding = 4; lastKnownFileType = file.xib; path = BackgroundViewController.xib; sourceTree = "<group>"; };
		DAEBA9561511127600EBB52A /* PLActionSheet.h */ = {isa = PBXFileReference; fileEncoding = 4; lastKnownFileType = sourcecode.c.h; path = PLActionSheet.h; sourceTree = "<group>"; };
		DAEBA9571511127600EBB52A /* PLActionSheet.m */ = {isa = PBXFileReference; fileEncoding = 4; lastKnownFileType = sourcecode.c.objc; path = PLActionSheet.m; sourceTree = "<group>"; };
		DAEBA9591511132600EBB52A /* Twitter.framework */ = {isa = PBXFileReference; lastKnownFileType = wrapper.framework; name = Twitter.framework; path = System/Library/Frameworks/Twitter.framework; sourceTree = SDKROOT; };
/* End PBXFileReference section */

/* Begin PBXFrameworksBuildPhase section */
		DA137241141116B800A1BFCC /* Frameworks */ = {
			isa = PBXFrameworksBuildPhase;
			buildActionMask = 2147483647;
			files = (
				DA3908CB16B9D4F300FE7286 /* Social.framework in Frameworks */,
				DAEBA95A1511132600EBB52A /* Twitter.framework in Frameworks */,
				DAB132B214410229006426E0 /* libz.dylib in Frameworks */,
				DA1372F0141136BE00A1BFCC /* CFNetwork.framework in Frameworks */,
				DA1372BA141118D000A1BFCC /* MessageUI.framework in Frameworks */,
				DA1372BB141118D000A1BFCC /* QuartzCore.framework in Frameworks */,
				DA1372BC141118D000A1BFCC /* Security.framework in Frameworks */,
				DA1372B11411187B00A1BFCC /* MobileCoreServices.framework in Frameworks */,
				DA1372B21411187B00A1BFCC /* SystemConfiguration.framework in Frameworks */,
				DA137249141116B800A1BFCC /* UIKit.framework in Frameworks */,
				DA13724B141116B800A1BFCC /* Foundation.framework in Frameworks */,
				DA13724D141116B800A1BFCC /* CoreGraphics.framework in Frameworks */,
			);
			runOnlyForDeploymentPostprocessing = 0;
		};
/* End PBXFrameworksBuildPhase section */

/* Begin PBXGroup section */
		DA137239141116B800A1BFCC = {
			isa = PBXGroup;
			children = (
				6E37A7FD1CCFFC3000C34CC9 /* Images.xcassets */,
				DA1D544B1442F44E006E652A /* README.md */,
				DA13724E141116B800A1BFCC /* SOEStatus */,
				DA13726C1411172B00A1BFCC /* Third Party Code */,
				DA137247141116B800A1BFCC /* Frameworks */,
				DA137245141116B800A1BFCC /* Products */,
			);
			sourceTree = "<group>";
		};
		DA137245141116B800A1BFCC /* Products */ = {
			isa = PBXGroup;
			children = (
				DA137244141116B800A1BFCC /* Daybreak Status.app */,
			);
			name = Products;
			sourceTree = "<group>";
		};
		DA137247141116B800A1BFCC /* Frameworks */ = {
			isa = PBXGroup;
			children = (
				DA3908CA16B9D4F300FE7286 /* Social.framework */,
				DAEBA9591511132600EBB52A /* Twitter.framework */,
				DAB132B114410229006426E0 /* libz.dylib */,
				DA1372EF141136BD00A1BFCC /* CFNetwork.framework */,
				DA1372B7141118D000A1BFCC /* MessageUI.framework */,
				DA1372B8141118D000A1BFCC /* QuartzCore.framework */,
				DA1372B9141118D000A1BFCC /* Security.framework */,
				DA1372AF1411187B00A1BFCC /* MobileCoreServices.framework */,
				DA1372B01411187B00A1BFCC /* SystemConfiguration.framework */,
				DA137248141116B800A1BFCC /* UIKit.framework */,
				DA13724A141116B800A1BFCC /* Foundation.framework */,
				DA13724C141116B800A1BFCC /* CoreGraphics.framework */,
			);
			name = Frameworks;
			sourceTree = "<group>";
		};
		DA13724E141116B800A1BFCC /* SOEStatus */ = {
			isa = PBXGroup;
			children = (
				DA0456751CC7969D00193548 /* SplitViewWindow.xib */,
				DA137257141116B800A1BFCC /* SOEStatusAppDelegate.h */,
				DA137258141116B800A1BFCC /* SOEStatusAppDelegate.m */,
				DA96DB901421FA6C00F0CE7E /* PLRestful.h */,
				DA96DB911421FA6C00F0CE7E /* PLRestful.m */,
				DA1372E714111AAA00A1BFCC /* SOEStatusAPI.h */,
				DA1372E814111AAA00A1BFCC /* SOEStatusAPI.m */,
				DA4D8E03175109E800E61232 /* SOEGame.h */,
				DA4D8E04175109E900E61232 /* SOEGame.m */,
				DAC1C0271A30B4700092036C /* SOEServer.h */,
				DAC1C0281A30B4700092036C /* SOEServer.m */,
				DAC1C0241A2F770A0092036C /* WatchServer.h */,
				DAC1C0251A2F770A0092036C /* WatchServer.m */,
				DA13725A141116B800A1BFCC /* MainWindow.xib */,
				DA1372FC1411935D00A1BFCC /* MoveArray.h */,
				DA1372FD1411935D00A1BFCC /* MoveArray.m */,
				DA13725D141116B800A1BFCC /* RootViewController.h */,
				DA13725E141116B800A1BFCC /* RootViewController.m */,
				DA137260141116B800A1BFCC /* RootViewController.xib */,
				DA4D8DFD1750C5D800E61232 /* BackgroundViewController.h */,
				DA4D8DFE1750C5D800E61232 /* BackgroundViewController.m */,
				DAE32F011CCE6A9500B477A6 /* BackgroundViewController.xib */,
				DA22F18E1F37900100732683 /* PhotoSearch.h */,
				DA22F18F1F37900100732683 /* PhotoSearch.m */,
				DA1372FF1411968400A1BFCC /* ServerViewController.h */,
				DA1373001411968400A1BFCC /* ServerViewController.m */,
				DA1373011411968400A1BFCC /* ServerViewController.xib */,
				DAA66EBA141612C500C0287A /* ServerCell.h */,
				DAA66EBB141612C600C0287A /* ServerCell.m */,
				DAA66EBE141612E500C0287A /* ServerCell.xib */,
				DABF25CC1959A3F40032F056 /* ChartController.h */,
				DABF25CD1959A3F40032F056 /* ChartController.m */,
				DABF25CE1959A3F40032F056 /* ChartController.xib */,
				DAEBA9561511127600EBB52A /* PLActionSheet.h */,
				DAEBA9571511127600EBB52A /* PLActionSheet.m */,
				DAB2E097179061440000209D /* PLFeedback.h */,
				DAB2E098179061440000209D /* PLFeedback.m */,
				DA4D8E001750C91B00E61232 /* FlickrAPIKey.h */,
				DA29B9A51F3B8E3400EDCC76 /* ImgurAPIKey.h */,
				DA13724F141116B800A1BFCC /* Supporting Files */,
			);
			path = SOEStatus;
			sourceTree = "<group>";
		};
		DA13724F141116B800A1BFCC /* Supporting Files */ = {
			isa = PBXGroup;
			children = (
				DA137250141116B800A1BFCC /* SOEStatus-Info.plist */,
				DA137251141116B800A1BFCC /* InfoPlist.strings */,
				DAE250D81A34B0630077BC9C /* tick.png */,
				DA60941217E4C274001EE311 /* Server_152.png */,
				DAA66ED31416BF7C00C0287A /* Server_114.png */,
				DA26A59F17E49D83005F4C94 /* Server_120.png */,
				DAA66ED11416BF7500C0287A /* Server_57.png */,
				DA60941417E4C281001EE311 /* Server_76.png */,
				DAA66ED71416C00B00C0287A /* Server_72.png */,
				DA78892E1611EE7B00A426F6 /* Server_144.png */,
				DA137268141116C900A1BFCC /* iPad */,
				DA1373041412017D00A1BFCC /* UI Images */,
				DABF25D4195B77C70032F056 /* HTML */,
				DA137254141116B800A1BFCC /* main.m */,
				DA137256141116B800A1BFCC /* SOEStatus-Prefix.pch */,
				DA1372F614113B6200A1BFCC /* games.plist */,
				DA227D5E177DBB8700FE8B5E /* statusMessages.plist */,
				DAB2E09A179061560000209D /* PLFeedback_settings.json */,
			);
			name = "Supporting Files";
			sourceTree = "<group>";
		};
		DA137268141116C900A1BFCC /* iPad */ = {
			isa = PBXGroup;
			children = (
				DA7129E41AD537BD0009EA04 /* MainWindow-iPad.xib */,
			);
			name = iPad;
			sourceTree = "<group>";
		};
		DA13726C1411172B00A1BFCC /* Third Party Code */ = {
			isa = PBXGroup;
			children = (
				DA1372AC1411180E00A1BFCC /* iOS Recipes */,
				DA4D8DF7174E65FE00E61232 /* JBKenBurnsView.h */,
				DA4D8DF8174E65FE00E61232 /* JBKenBurnsView.m */,
				DABABDAF177743660091AE0E /* Reachability.h */,
				DABABDB0177743660091AE0E /* Reachability.m */,
				DABABDB3177743950091AE0E /* PLCategories.h */,
				DABABDB4177743950091AE0E /* PLCategories.m */,
			);
			name = "Third Party Code";
			path = SOEStatus;
			sourceTree = "<group>";
		};
		DA1372AC1411180E00A1BFCC /* iOS Recipes */ = {
			isa = PBXGroup;
			children = (
				DA1372BD141119BF00A1BFCC /* PRPNibBasedTableViewCell.h */,
				DA1372BE141119BF00A1BFCC /* PRPNibBasedTableViewCell.m */,
				DA1372BF141119BF00A1BFCC /* PRPSmartTableViewCell.h */,
				DA1372C0141119BF00A1BFCC /* PRPSmartTableViewCell.m */,
				DA1372C1141119BF00A1BFCC /* PRPWebViewController.h */,
				DA1372C2141119BF00A1BFCC /* PRPWebViewController.m */,
				DA1372C3141119BF00A1BFCC /* PRPWebViewControllerDelegate.h */,
				DA1372C4141119BF00A1BFCC /* UITableView+PRPSubviewAdditions.h */,
				DA1372C5141119BF00A1BFCC /* UITableView+PRPSubviewAdditions.m */,
				DA13727A141117B100A1BFCC /* PRPAlertView.h */,
				DA13727B141117B100A1BFCC /* PRPAlertView.m */,
				DA13727C141117B100A1BFCC /* PRPConnection.h */,
				DA13727D141117B100A1BFCC /* PRPConnection.m */,
				DA137294141117B100A1BFCC /* UIApplication+PRPNetworkActivity.h */,
				DA137295141117B100A1BFCC /* UIApplication+PRPNetworkActivity.m */,
			);
			name = "iOS Recipes";
			sourceTree = "<group>";
		};
		DA1373041412017D00A1BFCC /* UI Images */ = {
			isa = PBXGroup;
			children = (
				DA13730B141205DA00A1BFCC /* up_icon.png */,
				DA137311141205F200A1BFCC /* down_icon.png */,
				DA13730D141205E200A1BFCC /* missing_icon.png */,
				DA13730F141205EA00A1BFCC /* lock_icon.png */,
				DA137309141205D300A1BFCC /* low_icon.png */,
				DA137305141205C500A1BFCC /* medium_icon.png */,
				DA137307141205CC00A1BFCC /* high_icon.png */,
			);
			name = "UI Images";
			sourceTree = "<group>";
		};
/* End PBXGroup section */

/* Begin PBXNativeTarget section */
		DA137243141116B800A1BFCC /* Daybreak Status */ = {
			isa = PBXNativeTarget;
			buildConfigurationList = DA137265141116B800A1BFCC /* Build configuration list for PBXNativeTarget "Daybreak Status" */;
			buildPhases = (
				DA137240141116B800A1BFCC /* Sources */,
				DA137241141116B800A1BFCC /* Frameworks */,
				DA137242141116B800A1BFCC /* Resources */,
			);
			buildRules = (
			);
			dependencies = (
			);
			name = "Daybreak Status";
			productName = SOEStatus;
			productReference = DA137244141116B800A1BFCC /* Daybreak Status.app */;
			productType = "com.apple.product-type.application";
		};
/* End PBXNativeTarget section */

/* Begin PBXProject section */
		DA13723B141116B800A1BFCC /* Project object */ = {
			isa = PBXProject;
			attributes = {
				LastUpgradeCheck = 0930;
				ORGANIZATIONNAME = "P & L Systems";
				TargetAttributes = {
					DA137243141116B800A1BFCC = {
						ProvisioningStyle = Manual;
						SystemCapabilities = {
							com.apple.BackgroundModes = {
								enabled = 1;
							};
						};
					};
				};
			};
			buildConfigurationList = DA13723E141116B800A1BFCC /* Build configuration list for PBXProject "SOEStatus" */;
			compatibilityVersion = "Xcode 8.0";
			developmentRegion = English;
			hasScannedForEncodings = 0;
			knownRegions = (
				en,
			);
			mainGroup = DA137239141116B800A1BFCC;
			productRefGroup = DA137245141116B800A1BFCC /* Products */;
			projectDirPath = "";
			projectRoot = "";
			targets = (
				DA137243141116B800A1BFCC /* Daybreak Status */,
			);
		};
/* End PBXProject section */

/* Begin PBXResourcesBuildPhase section */
		DA137242141116B800A1BFCC /* Resources */ = {
			isa = PBXResourcesBuildPhase;
			buildActionMask = 2147483647;
			files = (
				DA137253141116B800A1BFCC /* InfoPlist.strings in Resources */,
				DA13725C141116B800A1BFCC /* MainWindow.xib in Resources */,
				DABF25D01959A3F40032F056 /* ChartController.xib in Resources */,
				DAE250D91A34B0630077BC9C /* tick.png in Resources */,
				DA137262141116B800A1BFCC /* RootViewController.xib in Resources */,
				DA1372F714113B6200A1BFCC /* games.plist in Resources */,
				DA60941317E4C274001EE311 /* Server_152.png in Resources */,
				DA1373031411968500A1BFCC /* ServerViewController.xib in Resources */,
				DAE32F021CCE6A9500B477A6 /* BackgroundViewController.xib in Resources */,
				DA137306141205C500A1BFCC /* medium_icon.png in Resources */,
				DA137308141205CC00A1BFCC /* high_icon.png in Resources */,
				DA7129E51AD537BD0009EA04 /* MainWindow-iPad.xib in Resources */,
				DA13730A141205D300A1BFCC /* low_icon.png in Resources */,
				DA13730C141205DA00A1BFCC /* up_icon.png in Resources */,
				DA26A5A017E49D83005F4C94 /* Server_120.png in Resources */,
				DA13730E141205E200A1BFCC /* missing_icon.png in Resources */,
				DA137310141205EA00A1BFCC /* lock_icon.png in Resources */,
				DA137312141205F200A1BFCC /* down_icon.png in Resources */,
				DA60941517E4C281001EE311 /* Server_76.png in Resources */,
				DAA66EBF141612E500C0287A /* ServerCell.xib in Resources */,
				DAA66ED21416BF7500C0287A /* Server_57.png in Resources */,
				DAA66ED41416BF7C00C0287A /* Server_114.png in Resources */,
				DAA66ED81416C00B00C0287A /* Server_72.png in Resources */,
				DABF25D5195B77C70032F056 /* HTML in Resources */,
				DA0456761CC7969D00193548 /* SplitViewWindow.xib in Resources */,
				6E37A7FE1CCFFC3000C34CC9 /* Images.xcassets in Resources */,
				DA7889301611EE7C00A426F6 /* Server_144.png in Resources */,
				DA227D5F177DBB8700FE8B5E /* statusMessages.plist in Resources */,
				DAB2E09B179061560000209D /* PLFeedback_settings.json in Resources */,
			);
			runOnlyForDeploymentPostprocessing = 0;
		};
/* End PBXResourcesBuildPhase section */

/* Begin PBXSourcesBuildPhase section */
		DA137240141116B800A1BFCC /* Sources */ = {
			isa = PBXSourcesBuildPhase;
			buildActionMask = 2147483647;
			files = (
				DA137255141116B800A1BFCC /* main.m in Sources */,
				DA137259141116B800A1BFCC /* SOEStatusAppDelegate.m in Sources */,
				DA13725F141116B800A1BFCC /* RootViewController.m in Sources */,
				DA13729C141117B100A1BFCC /* PRPAlertView.m in Sources */,
				DA13729D141117B100A1BFCC /* PRPConnection.m in Sources */,
				DA1372A9141117B100A1BFCC /* UIApplication+PRPNetworkActivity.m in Sources */,
				DA1372C6141119BF00A1BFCC /* PRPNibBasedTableViewCell.m in Sources */,
				DA1372C7141119BF00A1BFCC /* PRPSmartTableViewCell.m in Sources */,
				DABF25CF1959A3F40032F056 /* ChartController.m in Sources */,
				DA1372C8141119BF00A1BFCC /* PRPWebViewController.m in Sources */,
				DA22F1901F37900100732683 /* PhotoSearch.m in Sources */,
				DA1372C9141119BF00A1BFCC /* UITableView+PRPSubviewAdditions.m in Sources */,
				DA1372E914111AAA00A1BFCC /* SOEStatusAPI.m in Sources */,
				DA1372FE1411935E00A1BFCC /* MoveArray.m in Sources */,
				DAC1C0261A2F770A0092036C /* WatchServer.m in Sources */,
				DA1373021411968500A1BFCC /* ServerViewController.m in Sources */,
				DAA66EBC141612C600C0287A /* ServerCell.m in Sources */,
				DA96DB921421FA6C00F0CE7E /* PLRestful.m in Sources */,
				DAEBA9581511127600EBB52A /* PLActionSheet.m in Sources */,
				DA4D8DF9174E65FE00E61232 /* JBKenBurnsView.m in Sources */,
				DAC1C0291A30B4700092036C /* SOEServer.m in Sources */,
				DA4D8DFF1750C5D800E61232 /* BackgroundViewController.m in Sources */,
				DA4D8E05175109E900E61232 /* SOEGame.m in Sources */,
				DABABDB2177743660091AE0E /* Reachability.m in Sources */,
				DABABDB5177743950091AE0E /* PLCategories.m in Sources */,
				DAB2E099179061440000209D /* PLFeedback.m in Sources */,
			);
			runOnlyForDeploymentPostprocessing = 0;
		};
/* End PBXSourcesBuildPhase section */

/* Begin PBXVariantGroup section */
		DA137251141116B800A1BFCC /* InfoPlist.strings */ = {
			isa = PBXVariantGroup;
			children = (
				DA137252141116B800A1BFCC /* en */,
			);
			name = InfoPlist.strings;
			sourceTree = "<group>";
		};
		DA13725A141116B800A1BFCC /* MainWindow.xib */ = {
			isa = PBXVariantGroup;
			children = (
				DA13725B141116B800A1BFCC /* en */,
			);
			name = MainWindow.xib;
			sourceTree = "<group>";
		};
		DA137260141116B800A1BFCC /* RootViewController.xib */ = {
			isa = PBXVariantGroup;
			children = (
				DA137261141116B800A1BFCC /* en */,
			);
			name = RootViewController.xib;
			sourceTree = "<group>";
		};
/* End PBXVariantGroup section */

/* Begin XCBuildConfiguration section */
		DA137263141116B800A1BFCC /* Debug */ = {
			isa = XCBuildConfiguration;
			buildSettings = {
				ALWAYS_SEARCH_USER_PATHS = NO;
				CLANG_WARN_BLOCK_CAPTURE_AUTORELEASING = YES;
				CLANG_WARN_BOOL_CONVERSION = YES;
				CLANG_WARN_COMMA = YES;
				CLANG_WARN_CONSTANT_CONVERSION = YES;
				CLANG_WARN_DEPRECATED_OBJC_IMPLEMENTATIONS = YES;
				CLANG_WARN_EMPTY_BODY = YES;
				CLANG_WARN_ENUM_CONVERSION = YES;
				CLANG_WARN_INFINITE_RECURSION = YES;
				CLANG_WARN_INT_CONVERSION = YES;
				CLANG_WARN_NON_LITERAL_NULL_CONVERSION = YES;
				CLANG_WARN_OBJC_IMPLICIT_RETAIN_SELF = YES;
				CLANG_WARN_OBJC_LITERAL_CONVERSION = YES;
				CLANG_WARN_RANGE_LOOP_ANALYSIS = YES;
				CLANG_WARN_STRICT_PROTOTYPES = YES;
				CLANG_WARN_SUSPICIOUS_MOVE = YES;
				CLANG_WARN_UNREACHABLE_CODE = YES;
				CLANG_WARN__DUPLICATE_METHOD_MATCH = YES;
				CODE_SIGN_IDENTITY = "iPhone Developer";
				"CODE_SIGN_IDENTITY[sdk=iphoneos*]" = "iPhone Developer: Paul Lynch (BH9HL5GQ59)";
				COPY_PHASE_STRIP = NO;
				DEVELOPMENT_TEAM = D37Z6FSLLW;
				ENABLE_STRICT_OBJC_MSGSEND = YES;
				ENABLE_TESTABILITY = YES;
				GCC_C_LANGUAGE_STANDARD = gnu99;
				GCC_DYNAMIC_NO_PIC = NO;
				GCC_NO_COMMON_BLOCKS = YES;
				GCC_OPTIMIZATION_LEVEL = 0;
				GCC_PREPROCESSOR_DEFINITIONS = (
					"DEBUG=1",
					"$(inherited)",
				);
				GCC_SYMBOLS_PRIVATE_EXTERN = NO;
				GCC_THUMB_SUPPORT = NO;
				GCC_VERSION = "";
				GCC_WARN_64_TO_32_BIT_CONVERSION = YES;
				GCC_WARN_ABOUT_MISSING_PROTOTYPES = YES;
				GCC_WARN_ABOUT_RETURN_TYPE = YES;
				GCC_WARN_UNDECLARED_SELECTOR = YES;
				GCC_WARN_UNINITIALIZED_AUTOS = YES;
				GCC_WARN_UNUSED_FUNCTION = YES;
				GCC_WARN_UNUSED_VARIABLE = YES;
				IPHONEOS_DEPLOYMENT_TARGET = 8.1;
				LINK_WITH_STANDARD_LIBRARIES = YES;
				ONLY_ACTIVE_ARCH = YES;
				PROVISIONING_PROFILE = "c96069e7-342b-4b7a-9c59-d89145fa0c0b";
				SDKROOT = iphoneos;
				VALID_ARCHS = "armv7 armv7s armv6 arm64";
			};
			name = Debug;
		};
		DA137264141116B800A1BFCC /* Release */ = {
			isa = XCBuildConfiguration;
			buildSettings = {
				ALWAYS_SEARCH_USER_PATHS = NO;
				CLANG_WARN_BLOCK_CAPTURE_AUTORELEASING = YES;
				CLANG_WARN_BOOL_CONVERSION = YES;
				CLANG_WARN_COMMA = YES;
				CLANG_WARN_CONSTANT_CONVERSION = YES;
				CLANG_WARN_DEPRECATED_OBJC_IMPLEMENTATIONS = YES;
				CLANG_WARN_EMPTY_BODY = YES;
				CLANG_WARN_ENUM_CONVERSION = YES;
				CLANG_WARN_INFINITE_RECURSION = YES;
				CLANG_WARN_INT_CONVERSION = YES;
				CLANG_WARN_NON_LITERAL_NULL_CONVERSION = YES;
				CLANG_WARN_OBJC_IMPLICIT_RETAIN_SELF = YES;
				CLANG_WARN_OBJC_LITERAL_CONVERSION = YES;
				CLANG_WARN_RANGE_LOOP_ANALYSIS = YES;
				CLANG_WARN_STRICT_PROTOTYPES = YES;
				CLANG_WARN_SUSPICIOUS_MOVE = YES;
				CLANG_WARN_UNREACHABLE_CODE = YES;
				CLANG_WARN__DUPLICATE_METHOD_MATCH = YES;
				CODE_SIGN_IDENTITY = "iPhone Distribution: Paul Lynch (D37Z6FSLLW)";
				"CODE_SIGN_IDENTITY[sdk=iphoneos*]" = "iPhone Distribution: Paul Lynch (D37Z6FSLLW)";
				COPY_PHASE_STRIP = YES;
				DEVELOPMENT_TEAM = D37Z6FSLLW;
				ENABLE_STRICT_OBJC_MSGSEND = YES;
				ENABLE_TESTABILITY = YES;
				GCC_C_LANGUAGE_STANDARD = gnu99;
				GCC_NO_COMMON_BLOCKS = YES;
				GCC_THUMB_SUPPORT = NO;
				GCC_VERSION = "";
				GCC_WARN_64_TO_32_BIT_CONVERSION = YES;
				GCC_WARN_ABOUT_MISSING_PROTOTYPES = YES;
				GCC_WARN_ABOUT_RETURN_TYPE = YES;
				GCC_WARN_UNDECLARED_SELECTOR = YES;
				GCC_WARN_UNINITIALIZED_AUTOS = YES;
				GCC_WARN_UNUSED_FUNCTION = YES;
				GCC_WARN_UNUSED_VARIABLE = YES;
				IPHONEOS_DEPLOYMENT_TARGET = 8.1;
				LINK_WITH_STANDARD_LIBRARIES = YES;
				OTHER_CFLAGS = "-DNS_BLOCK_ASSERTIONS=1";
				PROVISIONING_PROFILE = "8999e922-690a-4d58-a1f9-d9ba8d7e64cb";
				"PROVISIONING_PROFILE[sdk=iphoneos*]" = "";
				SDKROOT = iphoneos;
				VALIDATE_PRODUCT = YES;
				VALID_ARCHS = "armv7 armv7s armv6 arm64";
			};
			name = Release;
		};
		DA137266141116B800A1BFCC /* Debug */ = {
			isa = XCBuildConfiguration;
			buildSettings = {
				ASSETCATALOG_COMPILER_APPICON_NAME = AppIcon;
				ASSETCATALOG_COMPILER_LAUNCHIMAGE_NAME = "Brand Assets";
				CLANG_ENABLE_OBJC_ARC = YES;
				CODE_SIGN_IDENTITY = "iPhone Developer: Paul Lynch (BH9HL5GQ59)";
				"CODE_SIGN_IDENTITY[sdk=iphoneos*]" = "iPhone Developer";
				CODE_SIGN_STYLE = Manual;
				DEVELOPMENT_TEAM = D37Z6FSLLW;
				GCC_PRECOMPILE_PREFIX_HEADER = YES;
				GCC_PREFIX_HEADER = "SOEStatus/SOEStatus-Prefix.pch";
				GCC_THUMB_SUPPORT = NO;
				GCC_VERSION = "";
				INFOPLIST_FILE = "SOEStatus/SOEStatus-Info.plist";
				IPHONEOS_DEPLOYMENT_TARGET = 8.1;
				ONLY_ACTIVE_ARCH = NO;
				PRODUCT_BUNDLE_IDENTIFIER = com.plsys.SOEStatus;
				PRODUCT_NAME = "$(TARGET_NAME)";
				PROVISIONING_PROFILE = "c96069e7-342b-4b7a-9c59-d89145fa0c0b";
				PROVISIONING_PROFILE_SPECIFIER = "Basic Provisioning Profile";
				TARGETED_DEVICE_FAMILY = "1,2";
				WRAPPER_EXTENSION = app;
			};
			name = Debug;
		};
		DA137267141116B800A1BFCC /* Release */ = {
			isa = XCBuildConfiguration;
			buildSettings = {
				ASSETCATALOG_COMPILER_APPICON_NAME = AppIcon;
				ASSETCATALOG_COMPILER_LAUNCHIMAGE_NAME = "Brand Assets";
				CLANG_ENABLE_OBJC_ARC = YES;
				CODE_SIGN_IDENTITY = "iPhone Distribution";
				"CODE_SIGN_IDENTITY[sdk=iphoneos*]" = "iPhone Distribution";
				CODE_SIGN_STYLE = Manual;
				DEVELOPMENT_TEAM = D37Z6FSLLW;
				GCC_PRECOMPILE_PREFIX_HEADER = YES;
				GCC_PREFIX_HEADER = "SOEStatus/SOEStatus-Prefix.pch";
				GCC_THUMB_SUPPORT = NO;
				GCC_VERSION = "";
				INFOPLIST_FILE = "SOEStatus/SOEStatus-Info.plist";
				IPHONEOS_DEPLOYMENT_TARGET = 8.1;
				PRODUCT_BUNDLE_IDENTIFIER = com.plsys.SOEStatus;
				PRODUCT_NAME = "$(TARGET_NAME)";
				PROVISIONING_PROFILE = "8999e922-690a-4d58-a1f9-d9ba8d7e64cb";
				"PROVISIONING_PROFILE[sdk=iphoneos*]" = "";
				PROVISIONING_PROFILE_SPECIFIER = "SOEStatus Distribution Mar 2018-19";
				TARGETED_DEVICE_FAMILY = "1,2";
				WRAPPER_EXTENSION = app;
			};
			name = Release;
		};
/* End XCBuildConfiguration section */

/* Begin XCConfigurationList section */
		DA13723E141116B800A1BFCC /* Build configuration list for PBXProject "SOEStatus" */ = {
			isa = XCConfigurationList;
			buildConfigurations = (
				DA137263141116B800A1BFCC /* Debug */,
				DA137264141116B800A1BFCC /* Release */,
			);
			defaultConfigurationIsVisible = 0;
			defaultConfigurationName = Release;
		};
		DA137265141116B800A1BFCC /* Build configuration list for PBXNativeTarget "Daybreak Status" */ = {
			isa = XCConfigurationList;
			buildConfigurations = (
				DA137266141116B800A1BFCC /* Debug */,
				DA137267141116B800A1BFCC /* Release */,
			);
			defaultConfigurationIsVisible = 0;
			defaultConfigurationName = Release;
		};
/* End XCConfigurationList section */
	};
	rootObject = DA13723B141116B800A1BFCC /* Project object */;
}
